// !$*UTF8*$!
{
	archiveVersion = 1;
	classes = {
	};
	objectVersion = 46;
	objects = {

/* Begin PBXBuildFile section */
		0C722E9BCCB220DEF4694FBC /* Pods_DHPunchInUITests.framework in Frameworks */ = {isa = PBXBuildFile; fileRef = BF90DEE49187FD07D0802D70 /* Pods_DHPunchInUITests.framework */; };
		1A636C1A0D5E6EB3676A73D3 /* Pods_DHPunchIn.framework in Frameworks */ = {isa = PBXBuildFile; fileRef = BB428BD6FB6AE337D6F956F0 /* Pods_DHPunchIn.framework */; };
		D033D7101EC40A5300D04B85 /* StaffSignViewController.swift in Sources */ = {isa = PBXBuildFile; fileRef = D033D70F1EC40A5300D04B85 /* StaffSignViewController.swift */; };
		D033D7121EC40A8000D04B85 /* PunchInViewController.swift in Sources */ = {isa = PBXBuildFile; fileRef = D033D7111EC40A8000D04B85 /* PunchInViewController.swift */; };
		D033D7161EC430E900D04B85 /* Assets.xcassets in Resources */ = {isa = PBXBuildFile; fileRef = D033D7151EC430E900D04B85 /* Assets.xcassets */; };
		D033D7181EC4398800D04B85 /* LocationManager.swift in Sources */ = {isa = PBXBuildFile; fileRef = D033D7171EC4398800D04B85 /* LocationManager.swift */; };
		D03F14681ECAB07000D63261 /* TimePickerViewController.swift in Sources */ = {isa = PBXBuildFile; fileRef = D03F14671ECAB07000D63261 /* TimePickerViewController.swift */; };
		D05EDC6A1EC0086300EBCB54 /* Reachability.m in Sources */ = {isa = PBXBuildFile; fileRef = D05EDC611EC0086300EBCB54 /* Reachability.m */; };
		D05EDC6B1EC0086300EBCB54 /* ReachabilityManager.m in Sources */ = {isa = PBXBuildFile; fileRef = D05EDC631EC0086300EBCB54 /* ReachabilityManager.m */; };
		D05EDC721EC0258000EBCB54 /* Staff.swift in Sources */ = {isa = PBXBuildFile; fileRef = D05EDC711EC0258000EBCB54 /* Staff.swift */; };
		D05EDC971EC0360300EBCB54 /* SlideNavigationContorllerAnimatorFade.m in Sources */ = {isa = PBXBuildFile; fileRef = D05EDC8C1EC0360300EBCB54 /* SlideNavigationContorllerAnimatorFade.m */; };
		D05EDC981EC0360300EBCB54 /* SlideNavigationContorllerAnimatorScale.m in Sources */ = {isa = PBXBuildFile; fileRef = D05EDC8E1EC0360300EBCB54 /* SlideNavigationContorllerAnimatorScale.m */; };
		D05EDC991EC0360300EBCB54 /* SlideNavigationContorllerAnimatorScaleAndFade.m in Sources */ = {isa = PBXBuildFile; fileRef = D05EDC901EC0360300EBCB54 /* SlideNavigationContorllerAnimatorScaleAndFade.m */; };
		D05EDC9A1EC0360300EBCB54 /* SlideNavigationContorllerAnimatorSlide.m in Sources */ = {isa = PBXBuildFile; fileRef = D05EDC921EC0360300EBCB54 /* SlideNavigationContorllerAnimatorSlide.m */; };
		D05EDC9B1EC0360300EBCB54 /* SlideNavigationContorllerAnimatorSlideAndFade.m in Sources */ = {isa = PBXBuildFile; fileRef = D05EDC941EC0360300EBCB54 /* SlideNavigationContorllerAnimatorSlideAndFade.m */; };
		D05EDC9C1EC0360300EBCB54 /* SlideNavigationController.m in Sources */ = {isa = PBXBuildFile; fileRef = D05EDC961EC0360300EBCB54 /* SlideNavigationController.m */; };
		D05EDCA01EC0371900EBCB54 /* MenuViewController.swift in Sources */ = {isa = PBXBuildFile; fileRef = D05EDC9F1EC0371900EBCB54 /* MenuViewController.swift */; };
		D05EDCA21EC0374A00EBCB54 /* BaseViewController.swift in Sources */ = {isa = PBXBuildFile; fileRef = D05EDCA11EC0374A00EBCB54 /* BaseViewController.swift */; };
		D05EDCA41EC0385600EBCB54 /* MainViewController.swift in Sources */ = {isa = PBXBuildFile; fileRef = D05EDCA31EC0385600EBCB54 /* MainViewController.swift */; };
		D07120B01ECAA449004B733F /* CircleLoading.swift in Sources */ = {isa = PBXBuildFile; fileRef = D07120AD1ECAA449004B733F /* CircleLoading.swift */; };
		D0B1DDB41EBFF9B900217F53 /* AppDelegate.swift in Sources */ = {isa = PBXBuildFile; fileRef = D0B1DDB31EBFF9B900217F53 /* AppDelegate.swift */; };
		D0B1DDB91EBFF9B900217F53 /* Main.storyboard in Resources */ = {isa = PBXBuildFile; fileRef = D0B1DDB71EBFF9B900217F53 /* Main.storyboard */; };
		D0B1DDBE1EBFF9B900217F53 /* LaunchScreen.storyboard in Resources */ = {isa = PBXBuildFile; fileRef = D0B1DDBC1EBFF9B900217F53 /* LaunchScreen.storyboard */; };
		D0B1DDC91EBFF9BA00217F53 /* DHPunchInTests.swift in Sources */ = {isa = PBXBuildFile; fileRef = D0B1DDC81EBFF9BA00217F53 /* DHPunchInTests.swift */; };
		D0B1DDD41EBFF9BA00217F53 /* DHPunchInUITests.swift in Sources */ = {isa = PBXBuildFile; fileRef = D0B1DDD31EBFF9BA00217F53 /* DHPunchInUITests.swift */; };
		D0B7DB1B1EC0A03700183FA1 /* AppManager.swift in Sources */ = {isa = PBXBuildFile; fileRef = D0B7DB1A1EC0A03700183FA1 /* AppManager.swift */; };
		D0B7DB1D1EC0A04200183FA1 /* FeedManager.swift in Sources */ = {isa = PBXBuildFile; fileRef = D0B7DB1C1EC0A04200183FA1 /* FeedManager.swift */; };
		D0B7DB1F1EC0A0FF00183FA1 /* UIManager.swift in Sources */ = {isa = PBXBuildFile; fileRef = D0B7DB1E1EC0A0FF00183FA1 /* UIManager.swift */; };
		D0CD75071EC88199003F179E /* MapManager.swift in Sources */ = {isa = PBXBuildFile; fileRef = D0CD75061EC88199003F179E /* MapManager.swift */; };
		D0CD750B1EC88474003F179E /* Podfile in Resources */ = {isa = PBXBuildFile; fileRef = D0CD750A1EC88474003F179E /* Podfile */; };
		EF9B803CFDA375DA8185C845 /* Pods_DHPunchInTests.framework in Frameworks */ = {isa = PBXBuildFile; fileRef = EDF565A00A7AB72DA4A9738A /* Pods_DHPunchInTests.framework */; };
/* End PBXBuildFile section */

/* Begin PBXContainerItemProxy section */
		D0B1DDC51EBFF9B900217F53 /* PBXContainerItemProxy */ = {
			isa = PBXContainerItemProxy;
			containerPortal = D0B1DDA81EBFF9B900217F53 /* Project object */;
			proxyType = 1;
			remoteGlobalIDString = D0B1DDAF1EBFF9B900217F53;
			remoteInfo = DHPunchIn;
		};
		D0B1DDD01EBFF9BA00217F53 /* PBXContainerItemProxy */ = {
			isa = PBXContainerItemProxy;
			containerPortal = D0B1DDA81EBFF9B900217F53 /* Project object */;
			proxyType = 1;
			remoteGlobalIDString = D0B1DDAF1EBFF9B900217F53;
			remoteInfo = DHPunchIn;
		};
/* End PBXContainerItemProxy section */

/* Begin PBXCopyFilesBuildPhase section */
		D0CD75051EC880F3003F179E /* Embed Frameworks */ = {
			isa = PBXCopyFilesBuildPhase;
			buildActionMask = 2147483647;
			dstPath = "";
			dstSubfolderSpec = 10;
			files = (
			);
			name = "Embed Frameworks";
			runOnlyForDeploymentPostprocessing = 0;
		};
/* End PBXCopyFilesBuildPhase section */

/* Begin PBXFileReference section */
		02388292E04D5ABCD6E9EDA7 /* Pods-DHPunchIn.release.xcconfig */ = {isa = PBXFileReference; includeInIndex = 1; lastKnownFileType = text.xcconfig; name = "Pods-DHPunchIn.release.xcconfig"; path = "Pods/Target Support Files/Pods-DHPunchIn/Pods-DHPunchIn.release.xcconfig"; sourceTree = "<group>"; };
		1A32FF0D33CAD6E3DE340396 /* Pods-DHPunchIn.debug.xcconfig */ = {isa = PBXFileReference; includeInIndex = 1; lastKnownFileType = text.xcconfig; name = "Pods-DHPunchIn.debug.xcconfig"; path = "Pods/Target Support Files/Pods-DHPunchIn/Pods-DHPunchIn.debug.xcconfig"; sourceTree = "<group>"; };
		2532CF0BECFFCBD82836B528 /* Pods-DHPunchInTests.debug.xcconfig */ = {isa = PBXFileReference; includeInIndex = 1; lastKnownFileType = text.xcconfig; name = "Pods-DHPunchInTests.debug.xcconfig"; path = "Pods/Target Support Files/Pods-DHPunchInTests/Pods-DHPunchInTests.debug.xcconfig"; sourceTree = "<group>"; };
		9EAC924A6FC22EFDDA189475 /* Pods-DHPunchInUITests.release.xcconfig */ = {isa = PBXFileReference; includeInIndex = 1; lastKnownFileType = text.xcconfig; name = "Pods-DHPunchInUITests.release.xcconfig"; path = "Pods/Target Support Files/Pods-DHPunchInUITests/Pods-DHPunchInUITests.release.xcconfig"; sourceTree = "<group>"; };
		ACDB085BE6A2FE055859C9D5 /* Pods-DHPunchInTests.release.xcconfig */ = {isa = PBXFileReference; includeInIndex = 1; lastKnownFileType = text.xcconfig; name = "Pods-DHPunchInTests.release.xcconfig"; path = "Pods/Target Support Files/Pods-DHPunchInTests/Pods-DHPunchInTests.release.xcconfig"; sourceTree = "<group>"; };
		BB428BD6FB6AE337D6F956F0 /* Pods_DHPunchIn.framework */ = {isa = PBXFileReference; explicitFileType = wrapper.framework; includeInIndex = 0; path = Pods_DHPunchIn.framework; sourceTree = BUILT_PRODUCTS_DIR; };
		BF90DEE49187FD07D0802D70 /* Pods_DHPunchInUITests.framework */ = {isa = PBXFileReference; explicitFileType = wrapper.framework; includeInIndex = 0; path = Pods_DHPunchInUITests.framework; sourceTree = BUILT_PRODUCTS_DIR; };
		D033D70F1EC40A5300D04B85 /* StaffSignViewController.swift */ = {isa = PBXFileReference; fileEncoding = 4; lastKnownFileType = sourcecode.swift; path = StaffSignViewController.swift; sourceTree = "<group>"; };
		D033D7111EC40A8000D04B85 /* PunchInViewController.swift */ = {isa = PBXFileReference; fileEncoding = 4; lastKnownFileType = sourcecode.swift; path = PunchInViewController.swift; sourceTree = "<group>"; };
		D033D7151EC430E900D04B85 /* Assets.xcassets */ = {isa = PBXFileReference; lastKnownFileType = folder.assetcatalog; path = Assets.xcassets; sourceTree = "<group>"; };
		D033D7171EC4398800D04B85 /* LocationManager.swift */ = {isa = PBXFileReference; fileEncoding = 4; lastKnownFileType = sourcecode.swift; path = LocationManager.swift; sourceTree = "<group>"; };
		D03F14671ECAB07000D63261 /* TimePickerViewController.swift */ = {isa = PBXFileReference; fileEncoding = 4; lastKnownFileType = sourcecode.swift; path = TimePickerViewController.swift; sourceTree = "<group>"; };
		D05EDC601EC0086300EBCB54 /* Reachability.h */ = {isa = PBXFileReference; fileEncoding = 4; lastKnownFileType = sourcecode.c.h; path = Reachability.h; sourceTree = "<group>"; };
		D05EDC611EC0086300EBCB54 /* Reachability.m */ = {isa = PBXFileReference; fileEncoding = 4; lastKnownFileType = sourcecode.c.objc; path = Reachability.m; sourceTree = "<group>"; };
		D05EDC621EC0086300EBCB54 /* ReachabilityManager.h */ = {isa = PBXFileReference; fileEncoding = 4; lastKnownFileType = sourcecode.c.h; path = ReachabilityManager.h; sourceTree = "<group>"; };
		D05EDC631EC0086300EBCB54 /* ReachabilityManager.m */ = {isa = PBXFileReference; fileEncoding = 4; lastKnownFileType = sourcecode.c.objc; path = ReachabilityManager.m; sourceTree = "<group>"; };
		D05EDC6C1EC00BB000EBCB54 /* Bridging-Header.h */ = {isa = PBXFileReference; lastKnownFileType = sourcecode.c.h; path = "Bridging-Header.h"; sourceTree = "<group>"; };
		D05EDC711EC0258000EBCB54 /* Staff.swift */ = {isa = PBXFileReference; fileEncoding = 4; lastKnownFileType = sourcecode.swift; path = Staff.swift; sourceTree = "<group>"; };
		D05EDC8A1EC0360300EBCB54 /* SlideNavigationContorllerAnimator.h */ = {isa = PBXFileReference; fileEncoding = 4; lastKnownFileType = sourcecode.c.h; path = SlideNavigationContorllerAnimator.h; sourceTree = "<group>"; };
		D05EDC8B1EC0360300EBCB54 /* SlideNavigationContorllerAnimatorFade.h */ = {isa = PBXFileReference; fileEncoding = 4; lastKnownFileType = sourcecode.c.h; path = SlideNavigationContorllerAnimatorFade.h; sourceTree = "<group>"; };
		D05EDC8C1EC0360300EBCB54 /* SlideNavigationContorllerAnimatorFade.m */ = {isa = PBXFileReference; fileEncoding = 4; lastKnownFileType = sourcecode.c.objc; path = SlideNavigationContorllerAnimatorFade.m; sourceTree = "<group>"; };
		D05EDC8D1EC0360300EBCB54 /* SlideNavigationContorllerAnimatorScale.h */ = {isa = PBXFileReference; fileEncoding = 4; lastKnownFileType = sourcecode.c.h; path = SlideNavigationContorllerAnimatorScale.h; sourceTree = "<group>"; };
		D05EDC8E1EC0360300EBCB54 /* SlideNavigationContorllerAnimatorScale.m */ = {isa = PBXFileReference; fileEncoding = 4; lastKnownFileType = sourcecode.c.objc; path = SlideNavigationContorllerAnimatorScale.m; sourceTree = "<group>"; };
		D05EDC8F1EC0360300EBCB54 /* SlideNavigationContorllerAnimatorScaleAndFade.h */ = {isa = PBXFileReference; fileEncoding = 4; lastKnownFileType = sourcecode.c.h; path = SlideNavigationContorllerAnimatorScaleAndFade.h; sourceTree = "<group>"; };
		D05EDC901EC0360300EBCB54 /* SlideNavigationContorllerAnimatorScaleAndFade.m */ = {isa = PBXFileReference; fileEncoding = 4; lastKnownFileType = sourcecode.c.objc; path = SlideNavigationContorllerAnimatorScaleAndFade.m; sourceTree = "<group>"; };
		D05EDC911EC0360300EBCB54 /* SlideNavigationContorllerAnimatorSlide.h */ = {isa = PBXFileReference; fileEncoding = 4; lastKnownFileType = sourcecode.c.h; path = SlideNavigationContorllerAnimatorSlide.h; sourceTree = "<group>"; };
		D05EDC921EC0360300EBCB54 /* SlideNavigationContorllerAnimatorSlide.m */ = {isa = PBXFileReference; fileEncoding = 4; lastKnownFileType = sourcecode.c.objc; path = SlideNavigationContorllerAnimatorSlide.m; sourceTree = "<group>"; };
		D05EDC931EC0360300EBCB54 /* SlideNavigationContorllerAnimatorSlideAndFade.h */ = {isa = PBXFileReference; fileEncoding = 4; lastKnownFileType = sourcecode.c.h; path = SlideNavigationContorllerAnimatorSlideAndFade.h; sourceTree = "<group>"; };
		D05EDC941EC0360300EBCB54 /* SlideNavigationContorllerAnimatorSlideAndFade.m */ = {isa = PBXFileReference; fileEncoding = 4; lastKnownFileType = sourcecode.c.objc; path = SlideNavigationContorllerAnimatorSlideAndFade.m; sourceTree = "<group>"; };
		D05EDC951EC0360300EBCB54 /* SlideNavigationController.h */ = {isa = PBXFileReference; fileEncoding = 4; lastKnownFileType = sourcecode.c.h; path = SlideNavigationController.h; sourceTree = "<group>"; };
		D05EDC961EC0360300EBCB54 /* SlideNavigationController.m */ = {isa = PBXFileReference; fileEncoding = 4; lastKnownFileType = sourcecode.c.objc; path = SlideNavigationController.m; sourceTree = "<group>"; };
		D05EDC9F1EC0371900EBCB54 /* MenuViewController.swift */ = {isa = PBXFileReference; fileEncoding = 4; lastKnownFileType = sourcecode.swift; path = MenuViewController.swift; sourceTree = "<group>"; };
		D05EDCA11EC0374A00EBCB54 /* BaseViewController.swift */ = {isa = PBXFileReference; fileEncoding = 4; lastKnownFileType = sourcecode.swift; path = BaseViewController.swift; sourceTree = "<group>"; };
		D05EDCA31EC0385600EBCB54 /* MainViewController.swift */ = {isa = PBXFileReference; fileEncoding = 4; lastKnownFileType = sourcecode.swift; path = MainViewController.swift; sourceTree = "<group>"; };
		D07120AD1ECAA449004B733F /* CircleLoading.swift */ = {isa = PBXFileReference; fileEncoding = 4; lastKnownFileType = sourcecode.swift; path = CircleLoading.swift; sourceTree = "<group>"; };
		D0B1DDB01EBFF9B900217F53 /* DHPunchIn.app */ = {isa = PBXFileReference; explicitFileType = wrapper.application; includeInIndex = 0; path = DHPunchIn.app; sourceTree = BUILT_PRODUCTS_DIR; };
		D0B1DDB31EBFF9B900217F53 /* AppDelegate.swift */ = {isa = PBXFileReference; lastKnownFileType = sourcecode.swift; path = AppDelegate.swift; sourceTree = "<group>"; };
		D0B1DDB81EBFF9B900217F53 /* Base */ = {isa = PBXFileReference; lastKnownFileType = file.storyboard; name = Base; path = Base.lproj/Main.storyboard; sourceTree = "<group>"; };
		D0B1DDBD1EBFF9B900217F53 /* Base */ = {isa = PBXFileReference; lastKnownFileType = file.storyboard; name = Base; path = Base.lproj/LaunchScreen.storyboard; sourceTree = "<group>"; };
		D0B1DDBF1EBFF9B900217F53 /* Info.plist */ = {isa = PBXFileReference; lastKnownFileType = text.plist.xml; path = Info.plist; sourceTree = "<group>"; };
		D0B1DDC41EBFF9B900217F53 /* DHPunchInTests.xctest */ = {isa = PBXFileReference; explicitFileType = wrapper.cfbundle; includeInIndex = 0; path = DHPunchInTests.xctest; sourceTree = BUILT_PRODUCTS_DIR; };
		D0B1DDC81EBFF9BA00217F53 /* DHPunchInTests.swift */ = {isa = PBXFileReference; lastKnownFileType = sourcecode.swift; path = DHPunchInTests.swift; sourceTree = "<group>"; };
		D0B1DDCA1EBFF9BA00217F53 /* Info.plist */ = {isa = PBXFileReference; lastKnownFileType = text.plist.xml; path = Info.plist; sourceTree = "<group>"; };
		D0B1DDCF1EBFF9BA00217F53 /* DHPunchInUITests.xctest */ = {isa = PBXFileReference; explicitFileType = wrapper.cfbundle; includeInIndex = 0; path = DHPunchInUITests.xctest; sourceTree = BUILT_PRODUCTS_DIR; };
		D0B1DDD31EBFF9BA00217F53 /* DHPunchInUITests.swift */ = {isa = PBXFileReference; lastKnownFileType = sourcecode.swift; path = DHPunchInUITests.swift; sourceTree = "<group>"; };
		D0B1DDD51EBFF9BA00217F53 /* Info.plist */ = {isa = PBXFileReference; lastKnownFileType = text.plist.xml; path = Info.plist; sourceTree = "<group>"; };
		D0B7DB1A1EC0A03700183FA1 /* AppManager.swift */ = {isa = PBXFileReference; fileEncoding = 4; lastKnownFileType = sourcecode.swift; path = AppManager.swift; sourceTree = "<group>"; };
		D0B7DB1C1EC0A04200183FA1 /* FeedManager.swift */ = {isa = PBXFileReference; fileEncoding = 4; lastKnownFileType = sourcecode.swift; path = FeedManager.swift; sourceTree = "<group>"; };
		D0B7DB1E1EC0A0FF00183FA1 /* UIManager.swift */ = {isa = PBXFileReference; fileEncoding = 4; lastKnownFileType = sourcecode.swift; path = UIManager.swift; sourceTree = "<group>"; };
		D0CD75061EC88199003F179E /* MapManager.swift */ = {isa = PBXFileReference; fileEncoding = 4; lastKnownFileType = sourcecode.swift; path = MapManager.swift; sourceTree = "<group>"; };
		D0CD750A1EC88474003F179E /* Podfile */ = {isa = PBXFileReference; fileEncoding = 4; lastKnownFileType = text; path = Podfile; sourceTree = "<group>"; xcLanguageSpecificationIdentifier = xcode.lang.ruby; };
		DE3F868B56F16E1CCD2C323C /* Pods-DHPunchInUITests.debug.xcconfig */ = {isa = PBXFileReference; includeInIndex = 1; lastKnownFileType = text.xcconfig; name = "Pods-DHPunchInUITests.debug.xcconfig"; path = "Pods/Target Support Files/Pods-DHPunchInUITests/Pods-DHPunchInUITests.debug.xcconfig"; sourceTree = "<group>"; };
		EDF565A00A7AB72DA4A9738A /* Pods_DHPunchInTests.framework */ = {isa = PBXFileReference; explicitFileType = wrapper.framework; includeInIndex = 0; path = Pods_DHPunchInTests.framework; sourceTree = BUILT_PRODUCTS_DIR; };
/* End PBXFileReference section */

/* Begin PBXFrameworksBuildPhase section */
		D0B1DDAD1EBFF9B900217F53 /* Frameworks */ = {
			isa = PBXFrameworksBuildPhase;
			buildActionMask = 2147483647;
			files = (
				1A636C1A0D5E6EB3676A73D3 /* Pods_DHPunchIn.framework in Frameworks */,
			);
			runOnlyForDeploymentPostprocessing = 0;
		};
		D0B1DDC11EBFF9B900217F53 /* Frameworks */ = {
			isa = PBXFrameworksBuildPhase;
			buildActionMask = 2147483647;
			files = (
				EF9B803CFDA375DA8185C845 /* Pods_DHPunchInTests.framework in Frameworks */,
			);
			runOnlyForDeploymentPostprocessing = 0;
		};
		D0B1DDCC1EBFF9BA00217F53 /* Frameworks */ = {
			isa = PBXFrameworksBuildPhase;
			buildActionMask = 2147483647;
			files = (
				0C722E9BCCB220DEF4694FBC /* Pods_DHPunchInUITests.framework in Frameworks */,
			);
			runOnlyForDeploymentPostprocessing = 0;
		};
/* End PBXFrameworksBuildPhase section */

/* Begin PBXGroup section */
		2D7FB7FBAA22416AB97CA61B /* Frameworks */ = {
			isa = PBXGroup;
			children = (
				BB428BD6FB6AE337D6F956F0 /* Pods_DHPunchIn.framework */,
				EDF565A00A7AB72DA4A9738A /* Pods_DHPunchInTests.framework */,
				BF90DEE49187FD07D0802D70 /* Pods_DHPunchInUITests.framework */,
			);
			name = Frameworks;
			sourceTree = "<group>";
		};
		9E7C674271CA64A32EA2FA37 /* Pods */ = {
			isa = PBXGroup;
			children = (
				1A32FF0D33CAD6E3DE340396 /* Pods-DHPunchIn.debug.xcconfig */,
				02388292E04D5ABCD6E9EDA7 /* Pods-DHPunchIn.release.xcconfig */,
				2532CF0BECFFCBD82836B528 /* Pods-DHPunchInTests.debug.xcconfig */,
				ACDB085BE6A2FE055859C9D5 /* Pods-DHPunchInTests.release.xcconfig */,
				DE3F868B56F16E1CCD2C323C /* Pods-DHPunchInUITests.debug.xcconfig */,
				9EAC924A6FC22EFDDA189475 /* Pods-DHPunchInUITests.release.xcconfig */,
			);
			name = Pods;
			sourceTree = "<group>";
		};
		D05EDC4F1EC005C100EBCB54 /* Classes */ = {
			isa = PBXGroup;
			children = (
				D0B7DB191EC0A01A00183FA1 /* Manager */,
				D05EDC701EC0253600EBCB54 /* Model */,
				D05EDC9D1EC0369800EBCB54 /* View */,
				D05EDC9E1EC0369800EBCB54 /* ViewController */,
				D05EDC6C1EC00BB000EBCB54 /* Bridging-Header.h */,
			);
			path = Classes;
			sourceTree = "<group>";
		};
		D05EDC501EC005C100EBCB54 /* Library */ = {
			isa = PBXGroup;
			children = (
				D07120A81ECAA449004B733F /* CircleLoading */,
				D05EDC881EC0360300EBCB54 /* SlideController */,
				D05EDC5F1EC0086300EBCB54 /* Reachability */,
			);
			path = Library;
			sourceTree = "<group>";
		};
		D05EDC5F1EC0086300EBCB54 /* Reachability */ = {
			isa = PBXGroup;
			children = (
				D05EDC601EC0086300EBCB54 /* Reachability.h */,
				D05EDC611EC0086300EBCB54 /* Reachability.m */,
				D05EDC621EC0086300EBCB54 /* ReachabilityManager.h */,
				D05EDC631EC0086300EBCB54 /* ReachabilityManager.m */,
			);
			path = Reachability;
			sourceTree = "<group>";
		};
		D05EDC701EC0253600EBCB54 /* Model */ = {
			isa = PBXGroup;
			children = (
				D05EDC711EC0258000EBCB54 /* Staff.swift */,
			);
			path = Model;
			sourceTree = "<group>";
		};
		D05EDC881EC0360300EBCB54 /* SlideController */ = {
			isa = PBXGroup;
			children = (
				D05EDC891EC0360300EBCB54 /* Animations */,
				D05EDC951EC0360300EBCB54 /* SlideNavigationController.h */,
				D05EDC961EC0360300EBCB54 /* SlideNavigationController.m */,
			);
			path = SlideController;
			sourceTree = "<group>";
		};
		D05EDC891EC0360300EBCB54 /* Animations */ = {
			isa = PBXGroup;
			children = (
				D05EDC8A1EC0360300EBCB54 /* SlideNavigationContorllerAnimator.h */,
				D05EDC8B1EC0360300EBCB54 /* SlideNavigationContorllerAnimatorFade.h */,
				D05EDC8C1EC0360300EBCB54 /* SlideNavigationContorllerAnimatorFade.m */,
				D05EDC8D1EC0360300EBCB54 /* SlideNavigationContorllerAnimatorScale.h */,
				D05EDC8E1EC0360300EBCB54 /* SlideNavigationContorllerAnimatorScale.m */,
				D05EDC8F1EC0360300EBCB54 /* SlideNavigationContorllerAnimatorScaleAndFade.h */,
				D05EDC901EC0360300EBCB54 /* SlideNavigationContorllerAnimatorScaleAndFade.m */,
				D05EDC911EC0360300EBCB54 /* SlideNavigationContorllerAnimatorSlide.h */,
				D05EDC921EC0360300EBCB54 /* SlideNavigationContorllerAnimatorSlide.m */,
				D05EDC931EC0360300EBCB54 /* SlideNavigationContorllerAnimatorSlideAndFade.h */,
				D05EDC941EC0360300EBCB54 /* SlideNavigationContorllerAnimatorSlideAndFade.m */,
			);
			path = Animations;
			sourceTree = "<group>";
		};
		D05EDC9D1EC0369800EBCB54 /* View */ = {
			isa = PBXGroup;
			children = (
			);
			path = View;
			sourceTree = "<group>";
		};
		D05EDC9E1EC0369800EBCB54 /* ViewController */ = {
			isa = PBXGroup;
			children = (
				D05EDC9F1EC0371900EBCB54 /* MenuViewController.swift */,
				D05EDCA11EC0374A00EBCB54 /* BaseViewController.swift */,
				D05EDCA31EC0385600EBCB54 /* MainViewController.swift */,
				D033D7111EC40A8000D04B85 /* PunchInViewController.swift */,
				D033D70F1EC40A5300D04B85 /* StaffSignViewController.swift */,
				D03F14671ECAB07000D63261 /* TimePickerViewController.swift */,
			);
			path = ViewController;
			sourceTree = "<group>";
		};
		D07120A81ECAA449004B733F /* CircleLoading */ = {
			isa = PBXGroup;
			children = (
				D07120AB1ECAA449004B733F /* Classes */,
			);
			path = CircleLoading;
			sourceTree = "<group>";
		};
		D07120AB1ECAA449004B733F /* Classes */ = {
			isa = PBXGroup;
			children = (
				D07120AD1ECAA449004B733F /* CircleLoading.swift */,
			);
			path = Classes;
			sourceTree = "<group>";
		};
		D0B1DDA71EBFF9B900217F53 = {
			isa = PBXGroup;
			children = (
				D0CD750A1EC88474003F179E /* Podfile */,
				D0B1DDB21EBFF9B900217F53 /* DHPunchIn */,
				D0B1DDC71EBFF9BA00217F53 /* DHPunchInTests */,
				D0B1DDD21EBFF9BA00217F53 /* DHPunchInUITests */,
				D0B1DDB11EBFF9B900217F53 /* Products */,
				9E7C674271CA64A32EA2FA37 /* Pods */,
				2D7FB7FBAA22416AB97CA61B /* Frameworks */,
			);
			sourceTree = "<group>";
		};
		D0B1DDB11EBFF9B900217F53 /* Products */ = {
			isa = PBXGroup;
			children = (
				D0B1DDB01EBFF9B900217F53 /* DHPunchIn.app */,
				D0B1DDC41EBFF9B900217F53 /* DHPunchInTests.xctest */,
				D0B1DDCF1EBFF9BA00217F53 /* DHPunchInUITests.xctest */,
			);
			name = Products;
			sourceTree = "<group>";
		};
		D0B1DDB21EBFF9B900217F53 /* DHPunchIn */ = {
			isa = PBXGroup;
			children = (
				D05EDC4F1EC005C100EBCB54 /* Classes */,
				D05EDC501EC005C100EBCB54 /* Library */,
				D0B1DDB31EBFF9B900217F53 /* AppDelegate.swift */,
				D0B1DDB71EBFF9B900217F53 /* Main.storyboard */,
				D0B1DDBC1EBFF9B900217F53 /* LaunchScreen.storyboard */,
				D0B1DDBF1EBFF9B900217F53 /* Info.plist */,
				D033D7151EC430E900D04B85 /* Assets.xcassets */,
			);
			path = DHPunchIn;
			sourceTree = "<group>";
		};
		D0B1DDC71EBFF9BA00217F53 /* DHPunchInTests */ = {
			isa = PBXGroup;
			children = (
				D0B1DDC81EBFF9BA00217F53 /* DHPunchInTests.swift */,
				D0B1DDCA1EBFF9BA00217F53 /* Info.plist */,
			);
			path = DHPunchInTests;
			sourceTree = "<group>";
		};
		D0B1DDD21EBFF9BA00217F53 /* DHPunchInUITests */ = {
			isa = PBXGroup;
			children = (
				D0B1DDD31EBFF9BA00217F53 /* DHPunchInUITests.swift */,
				D0B1DDD51EBFF9BA00217F53 /* Info.plist */,
			);
			path = DHPunchInUITests;
			sourceTree = "<group>";
		};
		D0B7DB191EC0A01A00183FA1 /* Manager */ = {
			isa = PBXGroup;
			children = (
				D0B7DB1A1EC0A03700183FA1 /* AppManager.swift */,
				D0B7DB1C1EC0A04200183FA1 /* FeedManager.swift */,
				D0B7DB1E1EC0A0FF00183FA1 /* UIManager.swift */,
				D033D7171EC4398800D04B85 /* LocationManager.swift */,
				D0CD75061EC88199003F179E /* MapManager.swift */,
			);
			path = Manager;
			sourceTree = "<group>";
		};
/* End PBXGroup section */

/* Begin PBXNativeTarget section */
		D0B1DDAF1EBFF9B900217F53 /* DHPunchIn */ = {
			isa = PBXNativeTarget;
			buildConfigurationList = D0B1DDD81EBFF9BA00217F53 /* Build configuration list for PBXNativeTarget "DHPunchIn" */;
			buildPhases = (
				8F94D0B90EA06E297D313A63 /* [CP] Check Pods Manifest.lock */,
				D0B1DDAC1EBFF9B900217F53 /* Sources */,
				D0B1DDAD1EBFF9B900217F53 /* Frameworks */,
				D0B1DDAE1EBFF9B900217F53 /* Resources */,
				D0CD75051EC880F3003F179E /* Embed Frameworks */,
				7E7F51BA403948252EBBEEF2 /* [CP] Embed Pods Frameworks */,
				7334E3CEB84C84F707498002 /* [CP] Copy Pods Resources */,
			);
			buildRules = (
			);
			dependencies = (
			);
			name = DHPunchIn;
			productName = DHPunchIn;
			productReference = D0B1DDB01EBFF9B900217F53 /* DHPunchIn.app */;
			productType = "com.apple.product-type.application";
		};
		D0B1DDC31EBFF9B900217F53 /* DHPunchInTests */ = {
			isa = PBXNativeTarget;
			buildConfigurationList = D0B1DDDB1EBFF9BA00217F53 /* Build configuration list for PBXNativeTarget "DHPunchInTests" */;
			buildPhases = (
				B558BF92A26D3D90AD43A9A2 /* [CP] Check Pods Manifest.lock */,
				D0B1DDC01EBFF9B900217F53 /* Sources */,
				D0B1DDC11EBFF9B900217F53 /* Frameworks */,
				D0B1DDC21EBFF9B900217F53 /* Resources */,
				015301F303A976DCEF977E40 /* [CP] Embed Pods Frameworks */,
				E1F0EDD9EFC1FE8C5E3CC9DF /* [CP] Copy Pods Resources */,
			);
			buildRules = (
			);
			dependencies = (
				D0B1DDC61EBFF9B900217F53 /* PBXTargetDependency */,
			);
			name = DHPunchInTests;
			productName = DHPunchInTests;
			productReference = D0B1DDC41EBFF9B900217F53 /* DHPunchInTests.xctest */;
			productType = "com.apple.product-type.bundle.unit-test";
		};
		D0B1DDCE1EBFF9BA00217F53 /* DHPunchInUITests */ = {
			isa = PBXNativeTarget;
			buildConfigurationList = D0B1DDDE1EBFF9BA00217F53 /* Build configuration list for PBXNativeTarget "DHPunchInUITests" */;
			buildPhases = (
				5DAEF86EC7D5329766978F6A /* [CP] Check Pods Manifest.lock */,
				D0B1DDCB1EBFF9BA00217F53 /* Sources */,
				D0B1DDCC1EBFF9BA00217F53 /* Frameworks */,
				D0B1DDCD1EBFF9BA00217F53 /* Resources */,
				DEE02A99FA88D078F456DBEA /* [CP] Embed Pods Frameworks */,
				59584F83AE39CE1CEC190D39 /* [CP] Copy Pods Resources */,
			);
			buildRules = (
			);
			dependencies = (
				D0B1DDD11EBFF9BA00217F53 /* PBXTargetDependency */,
			);
			name = DHPunchInUITests;
			productName = DHPunchInUITests;
			productReference = D0B1DDCF1EBFF9BA00217F53 /* DHPunchInUITests.xctest */;
			productType = "com.apple.product-type.bundle.ui-testing";
		};
/* End PBXNativeTarget section */

/* Begin PBXProject section */
		D0B1DDA81EBFF9B900217F53 /* Project object */ = {
			isa = PBXProject;
			attributes = {
				LastSwiftUpdateCheck = 0830;
				LastUpgradeCheck = 0830;
				ORGANIZATIONNAME = SKL;
				TargetAttributes = {
					D0B1DDAF1EBFF9B900217F53 = {
						CreatedOnToolsVersion = 8.3.2;
						DevelopmentTeam = 796PUW3YDR;
						ProvisioningStyle = Manual;
						SystemCapabilities = {
							com.apple.BackgroundModes = {
								enabled = 0;
							};
						};
					};
					D0B1DDC31EBFF9B900217F53 = {
						CreatedOnToolsVersion = 8.3.2;
						DevelopmentTeam = 796PUW3YDR;
						ProvisioningStyle = Automatic;
						TestTargetID = D0B1DDAF1EBFF9B900217F53;
					};
					D0B1DDCE1EBFF9BA00217F53 = {
						CreatedOnToolsVersion = 8.3.2;
						DevelopmentTeam = 796PUW3YDR;
						ProvisioningStyle = Automatic;
						TestTargetID = D0B1DDAF1EBFF9B900217F53;
					};
				};
			};
			buildConfigurationList = D0B1DDAB1EBFF9B900217F53 /* Build configuration list for PBXProject "DHPunchIn" */;
			compatibilityVersion = "Xcode 3.2";
			developmentRegion = English;
			hasScannedForEncodings = 0;
			knownRegions = (
				en,
				Base,
			);
			mainGroup = D0B1DDA71EBFF9B900217F53;
			productRefGroup = D0B1DDB11EBFF9B900217F53 /* Products */;
			projectDirPath = "";
			projectRoot = "";
			targets = (
				D0B1DDAF1EBFF9B900217F53 /* DHPunchIn */,
				D0B1DDC31EBFF9B900217F53 /* DHPunchInTests */,
				D0B1DDCE1EBFF9BA00217F53 /* DHPunchInUITests */,
			);
		};
/* End PBXProject section */

/* Begin PBXResourcesBuildPhase section */
		D0B1DDAE1EBFF9B900217F53 /* Resources */ = {
			isa = PBXResourcesBuildPhase;
			buildActionMask = 2147483647;
			files = (
				D0CD750B1EC88474003F179E /* Podfile in Resources */,
				D0B1DDBE1EBFF9B900217F53 /* LaunchScreen.storyboard in Resources */,
				D033D7161EC430E900D04B85 /* Assets.xcassets in Resources */,
				D0B1DDB91EBFF9B900217F53 /* Main.storyboard in Resources */,
			);
			runOnlyForDeploymentPostprocessing = 0;
		};
		D0B1DDC21EBFF9B900217F53 /* Resources */ = {
			isa = PBXResourcesBuildPhase;
			buildActionMask = 2147483647;
			files = (
			);
			runOnlyForDeploymentPostprocessing = 0;
		};
		D0B1DDCD1EBFF9BA00217F53 /* Resources */ = {
			isa = PBXResourcesBuildPhase;
			buildActionMask = 2147483647;
			files = (
			);
			runOnlyForDeploymentPostprocessing = 0;
		};
/* End PBXResourcesBuildPhase section */

/* Begin PBXShellScriptBuildPhase section */
		015301F303A976DCEF977E40 /* [CP] Embed Pods Frameworks */ = {
			isa = PBXShellScriptBuildPhase;
			buildActionMask = 2147483647;
			files = (
			);
			inputPaths = (
			);
			name = "[CP] Embed Pods Frameworks";
			outputPaths = (
			);
			runOnlyForDeploymentPostprocessing = 0;
			shellPath = /bin/sh;
			shellScript = "\"${SRCROOT}/Pods/Target Support Files/Pods-DHPunchInTests/Pods-DHPunchInTests-frameworks.sh\"\n";
			showEnvVarsInLog = 0;
		};
		59584F83AE39CE1CEC190D39 /* [CP] Copy Pods Resources */ = {
			isa = PBXShellScriptBuildPhase;
			buildActionMask = 2147483647;
			files = (
			);
			inputPaths = (
			);
			name = "[CP] Copy Pods Resources";
			outputPaths = (
			);
			runOnlyForDeploymentPostprocessing = 0;
			shellPath = /bin/sh;
			shellScript = "\"${SRCROOT}/Pods/Target Support Files/Pods-DHPunchInUITests/Pods-DHPunchInUITests-resources.sh\"\n";
			showEnvVarsInLog = 0;
		};
		5DAEF86EC7D5329766978F6A /* [CP] Check Pods Manifest.lock */ = {
			isa = PBXShellScriptBuildPhase;
			buildActionMask = 2147483647;
			files = (
			);
			inputPaths = (
			);
			name = "[CP] Check Pods Manifest.lock";
			outputPaths = (
			);
			runOnlyForDeploymentPostprocessing = 0;
			shellPath = /bin/sh;
			shellScript = "diff \"${PODS_PODFILE_DIR_PATH}/Podfile.lock\" \"${PODS_ROOT}/Manifest.lock\" > /dev/null\nif [ $? != 0 ] ; then\n    # print error to STDERR\n    echo \"error: The sandbox is not in sync with the Podfile.lock. Run 'pod install' or update your CocoaPods installation.\" >&2\n    exit 1\nfi\n";
			showEnvVarsInLog = 0;
		};
		7334E3CEB84C84F707498002 /* [CP] Copy Pods Resources */ = {
			isa = PBXShellScriptBuildPhase;
			buildActionMask = 2147483647;
			files = (
			);
			inputPaths = (
			);
			name = "[CP] Copy Pods Resources";
			outputPaths = (
			);
			runOnlyForDeploymentPostprocessing = 0;
			shellPath = /bin/sh;
			shellScript = "\"${SRCROOT}/Pods/Target Support Files/Pods-DHPunchIn/Pods-DHPunchIn-resources.sh\"\n";
			showEnvVarsInLog = 0;
		};
		7E7F51BA403948252EBBEEF2 /* [CP] Embed Pods Frameworks */ = {
			isa = PBXShellScriptBuildPhase;
			buildActionMask = 2147483647;
			files = (
			);
			inputPaths = (
			);
			name = "[CP] Embed Pods Frameworks";
			outputPaths = (
			);
			runOnlyForDeploymentPostprocessing = 0;
			shellPath = /bin/sh;
			shellScript = "\"${SRCROOT}/Pods/Target Support Files/Pods-DHPunchIn/Pods-DHPunchIn-frameworks.sh\"\n";
			showEnvVarsInLog = 0;
		};
		8F94D0B90EA06E297D313A63 /* [CP] Check Pods Manifest.lock */ = {
			isa = PBXShellScriptBuildPhase;
			buildActionMask = 2147483647;
			files = (
			);
			inputPaths = (
			);
			name = "[CP] Check Pods Manifest.lock";
			outputPaths = (
			);
			runOnlyForDeploymentPostprocessing = 0;
			shellPath = /bin/sh;
			shellScript = "diff \"${PODS_PODFILE_DIR_PATH}/Podfile.lock\" \"${PODS_ROOT}/Manifest.lock\" > /dev/null\nif [ $? != 0 ] ; then\n    # print error to STDERR\n    echo \"error: The sandbox is not in sync with the Podfile.lock. Run 'pod install' or update your CocoaPods installation.\" >&2\n    exit 1\nfi\n";
			showEnvVarsInLog = 0;
		};
		B558BF92A26D3D90AD43A9A2 /* [CP] Check Pods Manifest.lock */ = {
			isa = PBXShellScriptBuildPhase;
			buildActionMask = 2147483647;
			files = (
			);
			inputPaths = (
			);
			name = "[CP] Check Pods Manifest.lock";
			outputPaths = (
			);
			runOnlyForDeploymentPostprocessing = 0;
			shellPath = /bin/sh;
			shellScript = "diff \"${PODS_PODFILE_DIR_PATH}/Podfile.lock\" \"${PODS_ROOT}/Manifest.lock\" > /dev/null\nif [ $? != 0 ] ; then\n    # print error to STDERR\n    echo \"error: The sandbox is not in sync with the Podfile.lock. Run 'pod install' or update your CocoaPods installation.\" >&2\n    exit 1\nfi\n";
			showEnvVarsInLog = 0;
		};
		DEE02A99FA88D078F456DBEA /* [CP] Embed Pods Frameworks */ = {
			isa = PBXShellScriptBuildPhase;
			buildActionMask = 2147483647;
			files = (
			);
			inputPaths = (
			);
			name = "[CP] Embed Pods Frameworks";
			outputPaths = (
			);
			runOnlyForDeploymentPostprocessing = 0;
			shellPath = /bin/sh;
			shellScript = "\"${SRCROOT}/Pods/Target Support Files/Pods-DHPunchInUITests/Pods-DHPunchInUITests-frameworks.sh\"\n";
			showEnvVarsInLog = 0;
		};
		E1F0EDD9EFC1FE8C5E3CC9DF /* [CP] Copy Pods Resources */ = {
			isa = PBXShellScriptBuildPhase;
			buildActionMask = 2147483647;
			files = (
			);
			inputPaths = (
			);
			name = "[CP] Copy Pods Resources";
			outputPaths = (
			);
			runOnlyForDeploymentPostprocessing = 0;
			shellPath = /bin/sh;
			shellScript = "\"${SRCROOT}/Pods/Target Support Files/Pods-DHPunchInTests/Pods-DHPunchInTests-resources.sh\"\n";
			showEnvVarsInLog = 0;
		};
/* End PBXShellScriptBuildPhase section */

/* Begin PBXSourcesBuildPhase section */
		D0B1DDAC1EBFF9B900217F53 /* Sources */ = {
			isa = PBXSourcesBuildPhase;
			buildActionMask = 2147483647;
			files = (
				D05EDC9C1EC0360300EBCB54 /* SlideNavigationController.m in Sources */,
				D03F14681ECAB07000D63261 /* TimePickerViewController.swift in Sources */,
				D07120B01ECAA449004B733F /* CircleLoading.swift in Sources */,
				D05EDC9A1EC0360300EBCB54 /* SlideNavigationContorllerAnimatorSlide.m in Sources */,
				D05EDCA21EC0374A00EBCB54 /* BaseViewController.swift in Sources */,
				D05EDC721EC0258000EBCB54 /* Staff.swift in Sources */,
				D05EDC971EC0360300EBCB54 /* SlideNavigationContorllerAnimatorFade.m in Sources */,
				D033D7101EC40A5300D04B85 /* StaffSignViewController.swift in Sources */,
				D033D7121EC40A8000D04B85 /* PunchInViewController.swift in Sources */,
				D033D7181EC4398800D04B85 /* LocationManager.swift in Sources */,
				D0CD75071EC88199003F179E /* MapManager.swift in Sources */,
				D05EDC6B1EC0086300EBCB54 /* ReachabilityManager.m in Sources */,
				D0B7DB1F1EC0A0FF00183FA1 /* UIManager.swift in Sources */,
				D0B7DB1B1EC0A03700183FA1 /* AppManager.swift in Sources */,
				D05EDC991EC0360300EBCB54 /* SlideNavigationContorllerAnimatorScaleAndFade.m in Sources */,
				D05EDCA01EC0371900EBCB54 /* MenuViewController.swift in Sources */,
				D05EDC6A1EC0086300EBCB54 /* Reachability.m in Sources */,
				D0B1DDB41EBFF9B900217F53 /* AppDelegate.swift in Sources */,
				D05EDC9B1EC0360300EBCB54 /* SlideNavigationContorllerAnimatorSlideAndFade.m in Sources */,
				D0B7DB1D1EC0A04200183FA1 /* FeedManager.swift in Sources */,
				D05EDC981EC0360300EBCB54 /* SlideNavigationContorllerAnimatorScale.m in Sources */,
				D05EDCA41EC0385600EBCB54 /* MainViewController.swift in Sources */,
			);
			runOnlyForDeploymentPostprocessing = 0;
		};
		D0B1DDC01EBFF9B900217F53 /* Sources */ = {
			isa = PBXSourcesBuildPhase;
			buildActionMask = 2147483647;
			files = (
				D0B1DDC91EBFF9BA00217F53 /* DHPunchInTests.swift in Sources */,
			);
			runOnlyForDeploymentPostprocessing = 0;
		};
		D0B1DDCB1EBFF9BA00217F53 /* Sources */ = {
			isa = PBXSourcesBuildPhase;
			buildActionMask = 2147483647;
			files = (
				D0B1DDD41EBFF9BA00217F53 /* DHPunchInUITests.swift in Sources */,
			);
			runOnlyForDeploymentPostprocessing = 0;
		};
/* End PBXSourcesBuildPhase section */

/* Begin PBXTargetDependency section */
		D0B1DDC61EBFF9B900217F53 /* PBXTargetDependency */ = {
			isa = PBXTargetDependency;
			target = D0B1DDAF1EBFF9B900217F53 /* DHPunchIn */;
			targetProxy = D0B1DDC51EBFF9B900217F53 /* PBXContainerItemProxy */;
		};
		D0B1DDD11EBFF9BA00217F53 /* PBXTargetDependency */ = {
			isa = PBXTargetDependency;
			target = D0B1DDAF1EBFF9B900217F53 /* DHPunchIn */;
			targetProxy = D0B1DDD01EBFF9BA00217F53 /* PBXContainerItemProxy */;
		};
/* End PBXTargetDependency section */

/* Begin PBXVariantGroup section */
		D0B1DDB71EBFF9B900217F53 /* Main.storyboard */ = {
			isa = PBXVariantGroup;
			children = (
				D0B1DDB81EBFF9B900217F53 /* Base */,
			);
			name = Main.storyboard;
			sourceTree = "<group>";
		};
		D0B1DDBC1EBFF9B900217F53 /* LaunchScreen.storyboard */ = {
			isa = PBXVariantGroup;
			children = (
				D0B1DDBD1EBFF9B900217F53 /* Base */,
			);
			name = LaunchScreen.storyboard;
			sourceTree = "<group>";
		};
/* End PBXVariantGroup section */

/* Begin XCBuildConfiguration section */
		D0B1DDD61EBFF9BA00217F53 /* Debug */ = {
			isa = XCBuildConfiguration;
			buildSettings = {
				ALWAYS_SEARCH_USER_PATHS = NO;
				CLANG_ANALYZER_NONNULL = YES;
				CLANG_ANALYZER_NUMBER_OBJECT_CONVERSION = YES_AGGRESSIVE;
				CLANG_CXX_LANGUAGE_STANDARD = "gnu++0x";
				CLANG_CXX_LIBRARY = "libc++";
				CLANG_ENABLE_MODULES = YES;
				CLANG_ENABLE_OBJC_ARC = YES;
				CLANG_WARN_BOOL_CONVERSION = YES;
				CLANG_WARN_CONSTANT_CONVERSION = YES;
				CLANG_WARN_DIRECT_OBJC_ISA_USAGE = YES_ERROR;
				CLANG_WARN_DOCUMENTATION_COMMENTS = YES;
				CLANG_WARN_EMPTY_BODY = YES;
				CLANG_WARN_ENUM_CONVERSION = YES;
				CLANG_WARN_INFINITE_RECURSION = YES;
				CLANG_WARN_INT_CONVERSION = YES;
				CLANG_WARN_OBJC_ROOT_CLASS = YES_ERROR;
				CLANG_WARN_SUSPICIOUS_MOVE = YES;
				CLANG_WARN_UNREACHABLE_CODE = YES;
				CLANG_WARN__DUPLICATE_METHOD_MATCH = YES;
				"CODE_SIGN_IDENTITY[sdk=iphoneos*]" = "iPhone Developer";
				COPY_PHASE_STRIP = NO;
				DEBUG_INFORMATION_FORMAT = dwarf;
				ENABLE_STRICT_OBJC_MSGSEND = YES;
				ENABLE_TESTABILITY = YES;
				GCC_C_LANGUAGE_STANDARD = gnu99;
				GCC_DYNAMIC_NO_PIC = NO;
				GCC_NO_COMMON_BLOCKS = YES;
				GCC_OPTIMIZATION_LEVEL = 0;
				GCC_PREPROCESSOR_DEFINITIONS = (
					"DEBUG=1",
					"$(inherited)",
				);
				GCC_WARN_64_TO_32_BIT_CONVERSION = YES;
				GCC_WARN_ABOUT_RETURN_TYPE = YES_ERROR;
				GCC_WARN_UNDECLARED_SELECTOR = YES;
				GCC_WARN_UNINITIALIZED_AUTOS = YES_AGGRESSIVE;
				GCC_WARN_UNUSED_FUNCTION = YES;
				GCC_WARN_UNUSED_VARIABLE = YES;
				IPHONEOS_DEPLOYMENT_TARGET = 10.3;
				MTL_ENABLE_DEBUG_INFO = YES;
				ONLY_ACTIVE_ARCH = YES;
				SDKROOT = iphoneos;
				SWIFT_ACTIVE_COMPILATION_CONDITIONS = DEBUG;
				SWIFT_OPTIMIZATION_LEVEL = "-Onone";
				TARGETED_DEVICE_FAMILY = "1,2";
			};
			name = Debug;
		};
		D0B1DDD71EBFF9BA00217F53 /* Release */ = {
			isa = XCBuildConfiguration;
			buildSettings = {
				ALWAYS_SEARCH_USER_PATHS = NO;
				CLANG_ANALYZER_NONNULL = YES;
				CLANG_ANALYZER_NUMBER_OBJECT_CONVERSION = YES_AGGRESSIVE;
				CLANG_CXX_LANGUAGE_STANDARD = "gnu++0x";
				CLANG_CXX_LIBRARY = "libc++";
				CLANG_ENABLE_MODULES = YES;
				CLANG_ENABLE_OBJC_ARC = YES;
				CLANG_WARN_BOOL_CONVERSION = YES;
				CLANG_WARN_CONSTANT_CONVERSION = YES;
				CLANG_WARN_DIRECT_OBJC_ISA_USAGE = YES_ERROR;
				CLANG_WARN_DOCUMENTATION_COMMENTS = YES;
				CLANG_WARN_EMPTY_BODY = YES;
				CLANG_WARN_ENUM_CONVERSION = YES;
				CLANG_WARN_INFINITE_RECURSION = YES;
				CLANG_WARN_INT_CONVERSION = YES;
				CLANG_WARN_OBJC_ROOT_CLASS = YES_ERROR;
				CLANG_WARN_SUSPICIOUS_MOVE = YES;
				CLANG_WARN_UNREACHABLE_CODE = YES;
				CLANG_WARN__DUPLICATE_METHOD_MATCH = YES;
				"CODE_SIGN_IDENTITY[sdk=iphoneos*]" = "iPhone Developer";
				COPY_PHASE_STRIP = NO;
				DEBUG_INFORMATION_FORMAT = "dwarf-with-dsym";
				ENABLE_NS_ASSERTIONS = NO;
				ENABLE_STRICT_OBJC_MSGSEND = YES;
				GCC_C_LANGUAGE_STANDARD = gnu99;
				GCC_NO_COMMON_BLOCKS = YES;
				GCC_WARN_64_TO_32_BIT_CONVERSION = YES;
				GCC_WARN_ABOUT_RETURN_TYPE = YES_ERROR;
				GCC_WARN_UNDECLARED_SELECTOR = YES;
				GCC_WARN_UNINITIALIZED_AUTOS = YES_AGGRESSIVE;
				GCC_WARN_UNUSED_FUNCTION = YES;
				GCC_WARN_UNUSED_VARIABLE = YES;
				IPHONEOS_DEPLOYMENT_TARGET = 10.3;
				MTL_ENABLE_DEBUG_INFO = NO;
				SDKROOT = iphoneos;
				SWIFT_OPTIMIZATION_LEVEL = "-Owholemodule";
				TARGETED_DEVICE_FAMILY = "1,2";
				VALIDATE_PRODUCT = YES;
			};
			name = Release;
		};
		D0B1DDD91EBFF9BA00217F53 /* Debug */ = {
			isa = XCBuildConfiguration;
			baseConfigurationReference = 1A32FF0D33CAD6E3DE340396 /* Pods-DHPunchIn.debug.xcconfig */;
			buildSettings = {
				ASSETCATALOG_COMPILER_APPICON_NAME = AppIcon;
				DEVELOPMENT_TEAM = 796PUW3YDR;
				FRAMEWORK_SEARCH_PATHS = (
					"$(inherited)",
					"$(PROJECT_DIR)/DHPunchIn/Library/GoogleMap",
				);
				INFOPLIST_FILE = DHPunchIn/Info.plist;
				IPHONEOS_DEPLOYMENT_TARGET = 10.0;
				LD_RUNPATH_SEARCH_PATHS = "$(inherited) @executable_path/Frameworks";
				PRODUCT_BUNDLE_IDENTIFIER = tw.com.dh.DHPunchIn;
				PRODUCT_NAME = "$(TARGET_NAME)";
				PROVISIONING_PROFILE = "1831bcda-9e96-4601-a977-3b4f732146f6";
				PROVISIONING_PROFILE_SPECIFIER = "iOS Development";
				SWIFT_OBJC_BRIDGING_HEADER = "DHPunchIn/Classes/Bridging-Header.h";
				SWIFT_VERSION = 3.0;
				TARGETED_DEVICE_FAMILY = 1;
			};
			name = Debug;
		};
		D0B1DDDA1EBFF9BA00217F53 /* Release */ = {
			isa = XCBuildConfiguration;
			baseConfigurationReference = 02388292E04D5ABCD6E9EDA7 /* Pods-DHPunchIn.release.xcconfig */;
			buildSettings = {
				ASSETCATALOG_COMPILER_APPICON_NAME = AppIcon;
				DEVELOPMENT_TEAM = 796PUW3YDR;
				FRAMEWORK_SEARCH_PATHS = (
					"$(inherited)",
					"$(PROJECT_DIR)/DHPunchIn/Library/GoogleMap",
				);
				INFOPLIST_FILE = DHPunchIn/Info.plist;
				IPHONEOS_DEPLOYMENT_TARGET = 10.0;
				LD_RUNPATH_SEARCH_PATHS = "$(inherited) @executable_path/Frameworks";
				PRODUCT_BUNDLE_IDENTIFIER = tw.com.dh.DHPunchIn;
				PRODUCT_NAME = "$(TARGET_NAME)";
				PROVISIONING_PROFILE = "1831bcda-9e96-4601-a977-3b4f732146f6";
				PROVISIONING_PROFILE_SPECIFIER = "iOS Development";
				SWIFT_OBJC_BRIDGING_HEADER = "DHPunchIn/Classes/Bridging-Header.h";
				SWIFT_VERSION = 3.0;
				TARGETED_DEVICE_FAMILY = 1;
			};
			name = Release;
		};
		D0B1DDDC1EBFF9BA00217F53 /* Debug */ = {
			isa = XCBuildConfiguration;
			baseConfigurationReference = 2532CF0BECFFCBD82836B528 /* Pods-DHPunchInTests.debug.xcconfig */;
			buildSettings = {
				ALWAYS_EMBED_SWIFT_STANDARD_LIBRARIES = YES;
				BUNDLE_LOADER = "$(TEST_HOST)";
				DEVELOPMENT_TEAM = 796PUW3YDR;
				INFOPLIST_FILE = DHPunchInTests/Info.plist;
				LD_RUNPATH_SEARCH_PATHS = "$(inherited) @executable_path/Frameworks @loader_path/Frameworks";
				PRODUCT_BUNDLE_IDENTIFIER = tw.com.dh.test.DHPunchInTests;
				PRODUCT_NAME = "$(TARGET_NAME)";
				SWIFT_VERSION = 3.0;
				TEST_HOST = "$(BUILT_PRODUCTS_DIR)/DHPunchIn.app/DHPunchIn";
			};
			name = Debug;
		};
		D0B1DDDD1EBFF9BA00217F53 /* Release */ = {
			isa = XCBuildConfiguration;
			baseConfigurationReference = ACDB085BE6A2FE055859C9D5 /* Pods-DHPunchInTests.release.xcconfig */;
			buildSettings = {
				ALWAYS_EMBED_SWIFT_STANDARD_LIBRARIES = YES;
				BUNDLE_LOADER = "$(TEST_HOST)";
				DEVELOPMENT_TEAM = 796PUW3YDR;
				INFOPLIST_FILE = DHPunchInTests/Info.plist;
				LD_RUNPATH_SEARCH_PATHS = "$(inherited) @executable_path/Frameworks @loader_path/Frameworks";
				PRODUCT_BUNDLE_IDENTIFIER = tw.com.dh.test.DHPunchInTests;
				PRODUCT_NAME = "$(TARGET_NAME)";
				SWIFT_VERSION = 3.0;
				TEST_HOST = "$(BUILT_PRODUCTS_DIR)/DHPunchIn.app/DHPunchIn";
			};
			name = Release;
		};
		D0B1DDDF1EBFF9BA00217F53 /* Debug */ = {
			isa = XCBuildConfiguration;
			baseConfigurationReference = DE3F868B56F16E1CCD2C323C /* Pods-DHPunchInUITests.debug.xcconfig */;
			buildSettings = {
				ALWAYS_EMBED_SWIFT_STANDARD_LIBRARIES = YES;
				DEVELOPMENT_TEAM = 796PUW3YDR;
				INFOPLIST_FILE = DHPunchInUITests/Info.plist;
				LD_RUNPATH_SEARCH_PATHS = "$(inherited) @executable_path/Frameworks @loader_path/Frameworks";
				PRODUCT_BUNDLE_IDENTIFIER = tw.com.dh.test.DHPunchInUITests;
				PRODUCT_NAME = "$(TARGET_NAME)";
				SWIFT_VERSION = 3.0;
				TEST_TARGET_NAME = DHPunchIn;
			};
			name = Debug;
		};
		D0B1DDE01EBFF9BA00217F53 /* Release */ = {
			isa = XCBuildConfiguration;
			baseConfigurationReference = 9EAC924A6FC22EFDDA189475 /* Pods-DHPunchInUITests.release.xcconfig */;
			buildSettings = {
				ALWAYS_EMBED_SWIFT_STANDARD_LIBRARIES = YES;
				DEVELOPMENT_TEAM = 796PUW3YDR;
				INFOPLIST_FILE = DHPunchInUITests/Info.plist;
				LD_RUNPATH_SEARCH_PATHS = "$(inherited) @executable_path/Frameworks @loader_path/Frameworks";
				PRODUCT_BUNDLE_IDENTIFIER = tw.com.dh.test.DHPunchInUITests;
				PRODUCT_NAME = "$(TARGET_NAME)";
				SWIFT_VERSION = 3.0;
				TEST_TARGET_NAME = DHPunchIn;
			};
			name = Release;
		};
/* End XCBuildConfiguration section */

/* Begin XCConfigurationList section */
		D0B1DDAB1EBFF9B900217F53 /* Build configuration list for PBXProject "DHPunchIn" */ = {
			isa = XCConfigurationList;
			buildConfigurations = (
				D0B1DDD61EBFF9BA00217F53 /* Debug */,
				D0B1DDD71EBFF9BA00217F53 /* Release */,
			);
			defaultConfigurationIsVisible = 0;
			defaultConfigurationName = Release;
		};
		D0B1DDD81EBFF9BA00217F53 /* Build configuration list for PBXNativeTarget "DHPunchIn" */ = {
			isa = XCConfigurationList;
			buildConfigurations = (
				D0B1DDD91EBFF9BA00217F53 /* Debug */,
				D0B1DDDA1EBFF9BA00217F53 /* Release */,
			);
			defaultConfigurationIsVisible = 0;
			defaultConfigurationName = Release;
		};
		D0B1DDDB1EBFF9BA00217F53 /* Build configuration list for PBXNativeTarget "DHPunchInTests" */ = {
			isa = XCConfigurationList;
			buildConfigurations = (
				D0B1DDDC1EBFF9BA00217F53 /* Debug */,
				D0B1DDDD1EBFF9BA00217F53 /* Release */,
			);
			defaultConfigurationIsVisible = 0;
			defaultConfigurationName = Release;
		};
		D0B1DDDE1EBFF9BA00217F53 /* Build configuration list for PBXNativeTarget "DHPunchInUITests" */ = {
			isa = XCConfigurationList;
			buildConfigurations = (
				D0B1DDDF1EBFF9BA00217F53 /* Debug */,
				D0B1DDE01EBFF9BA00217F53 /* Release */,
			);
			defaultConfigurationIsVisible = 0;
			defaultConfigurationName = Release;
		};
/* End XCConfigurationList section */
	};
	rootObject = D0B1DDA81EBFF9B900217F53 /* Project object */;
}
