// !$*UTF8*$!
{
	archiveVersion = 1;
	classes = {
	};
	objectVersion = 46;
	objects = {

/* Begin PBXBuildFile section */
		D05EDC641EC0086300EBCB54 /* AFHTTPSessionManager.m in Sources */ = {isa = PBXBuildFile; fileRef = D05EDC531EC0086300EBCB54 /* AFHTTPSessionManager.m */; };
		D05EDC651EC0086300EBCB54 /* AFNetworkReachabilityManager.m in Sources */ = {isa = PBXBuildFile; fileRef = D05EDC561EC0086300EBCB54 /* AFNetworkReachabilityManager.m */; };
		D05EDC661EC0086300EBCB54 /* AFSecurityPolicy.m in Sources */ = {isa = PBXBuildFile; fileRef = D05EDC581EC0086300EBCB54 /* AFSecurityPolicy.m */; };
		D05EDC671EC0086300EBCB54 /* AFURLRequestSerialization.m in Sources */ = {isa = PBXBuildFile; fileRef = D05EDC5A1EC0086300EBCB54 /* AFURLRequestSerialization.m */; };
		D05EDC681EC0086300EBCB54 /* AFURLResponseSerialization.m in Sources */ = {isa = PBXBuildFile; fileRef = D05EDC5C1EC0086300EBCB54 /* AFURLResponseSerialization.m */; };
		D05EDC691EC0086300EBCB54 /* AFURLSessionManager.m in Sources */ = {isa = PBXBuildFile; fileRef = D05EDC5E1EC0086300EBCB54 /* AFURLSessionManager.m */; };
		D05EDC6A1EC0086300EBCB54 /* Reachability.m in Sources */ = {isa = PBXBuildFile; fileRef = D05EDC611EC0086300EBCB54 /* Reachability.m */; };
		D05EDC6B1EC0086300EBCB54 /* ReachabilityManager.m in Sources */ = {isa = PBXBuildFile; fileRef = D05EDC631EC0086300EBCB54 /* ReachabilityManager.m */; };
		D05EDC721EC0258000EBCB54 /* Staff.swift in Sources */ = {isa = PBXBuildFile; fileRef = D05EDC711EC0258000EBCB54 /* Staff.swift */; };
		D05EDC971EC0360300EBCB54 /* SlideNavigationContorllerAnimatorFade.m in Sources */ = {isa = PBXBuildFile; fileRef = D05EDC8C1EC0360300EBCB54 /* SlideNavigationContorllerAnimatorFade.m */; };
		D05EDC981EC0360300EBCB54 /* SlideNavigationContorllerAnimatorScale.m in Sources */ = {isa = PBXBuildFile; fileRef = D05EDC8E1EC0360300EBCB54 /* SlideNavigationContorllerAnimatorScale.m */; };
		D05EDC991EC0360300EBCB54 /* SlideNavigationContorllerAnimatorScaleAndFade.m in Sources */ = {isa = PBXBuildFile; fileRef = D05EDC901EC0360300EBCB54 /* SlideNavigationContorllerAnimatorScaleAndFade.m */; };
		D05EDC9A1EC0360300EBCB54 /* SlideNavigationContorllerAnimatorSlide.m in Sources */ = {isa = PBXBuildFile; fileRef = D05EDC921EC0360300EBCB54 /* SlideNavigationContorllerAnimatorSlide.m */; };
		D05EDC9B1EC0360300EBCB54 /* SlideNavigationContorllerAnimatorSlideAndFade.m in Sources */ = {isa = PBXBuildFile; fileRef = D05EDC941EC0360300EBCB54 /* SlideNavigationContorllerAnimatorSlideAndFade.m */; };
		D05EDC9C1EC0360300EBCB54 /* SlideNavigationController.m in Sources */ = {isa = PBXBuildFile; fileRef = D05EDC961EC0360300EBCB54 /* SlideNavigationController.m */; };
		D05EDCA01EC0371900EBCB54 /* MenuViewController.swift in Sources */ = {isa = PBXBuildFile; fileRef = D05EDC9F1EC0371900EBCB54 /* MenuViewController.swift */; };
		D05EDCA21EC0374A00EBCB54 /* BaseViewController.swift in Sources */ = {isa = PBXBuildFile; fileRef = D05EDCA11EC0374A00EBCB54 /* BaseViewController.swift */; };
		D05EDCA41EC0385600EBCB54 /* MainViewController.swift in Sources */ = {isa = PBXBuildFile; fileRef = D05EDCA31EC0385600EBCB54 /* MainViewController.swift */; };
		D0B1DDB41EBFF9B900217F53 /* AppDelegate.swift in Sources */ = {isa = PBXBuildFile; fileRef = D0B1DDB31EBFF9B900217F53 /* AppDelegate.swift */; };
		D0B1DDB91EBFF9B900217F53 /* Main.storyboard in Resources */ = {isa = PBXBuildFile; fileRef = D0B1DDB71EBFF9B900217F53 /* Main.storyboard */; };
		D0B1DDBB1EBFF9B900217F53 /* Assets.xcassets in Resources */ = {isa = PBXBuildFile; fileRef = D0B1DDBA1EBFF9B900217F53 /* Assets.xcassets */; };
		D0B1DDBE1EBFF9B900217F53 /* LaunchScreen.storyboard in Resources */ = {isa = PBXBuildFile; fileRef = D0B1DDBC1EBFF9B900217F53 /* LaunchScreen.storyboard */; };
		D0B1DDC91EBFF9BA00217F53 /* DHPunchInTests.swift in Sources */ = {isa = PBXBuildFile; fileRef = D0B1DDC81EBFF9BA00217F53 /* DHPunchInTests.swift */; };
		D0B1DDD41EBFF9BA00217F53 /* DHPunchInUITests.swift in Sources */ = {isa = PBXBuildFile; fileRef = D0B1DDD31EBFF9BA00217F53 /* DHPunchInUITests.swift */; };
		D0B7DB1B1EC0A03700183FA1 /* AppManager.swift in Sources */ = {isa = PBXBuildFile; fileRef = D0B7DB1A1EC0A03700183FA1 /* AppManager.swift */; };
		D0B7DB1D1EC0A04200183FA1 /* FeedManager.swift in Sources */ = {isa = PBXBuildFile; fileRef = D0B7DB1C1EC0A04200183FA1 /* FeedManager.swift */; };
		D0B7DB1F1EC0A0FF00183FA1 /* UIManager.swift in Sources */ = {isa = PBXBuildFile; fileRef = D0B7DB1E1EC0A0FF00183FA1 /* UIManager.swift */; };
/* End PBXBuildFile section */

/* Begin PBXContainerItemProxy section */
		D0B1DDC51EBFF9B900217F53 /* PBXContainerItemProxy */ = {
			isa = PBXContainerItemProxy;
			containerPortal = D0B1DDA81EBFF9B900217F53 /* Project object */;
			proxyType = 1;
			remoteGlobalIDString = D0B1DDAF1EBFF9B900217F53;
			remoteInfo = DHPunchIn;
		};
		D0B1DDD01EBFF9BA00217F53 /* PBXContainerItemProxy */ = {
			isa = PBXContainerItemProxy;
			containerPortal = D0B1DDA81EBFF9B900217F53 /* Project object */;
			proxyType = 1;
			remoteGlobalIDString = D0B1DDAF1EBFF9B900217F53;
			remoteInfo = DHPunchIn;
		};
/* End PBXContainerItemProxy section */

/* Begin PBXFileReference section */
		D05EDC521EC0086300EBCB54 /* AFHTTPSessionManager.h */ = {isa = PBXFileReference; fileEncoding = 4; lastKnownFileType = sourcecode.c.h; path = AFHTTPSessionManager.h; sourceTree = "<group>"; };
		D05EDC531EC0086300EBCB54 /* AFHTTPSessionManager.m */ = {isa = PBXFileReference; fileEncoding = 4; lastKnownFileType = sourcecode.c.objc; path = AFHTTPSessionManager.m; sourceTree = "<group>"; };
		D05EDC541EC0086300EBCB54 /* AFNetworking.h */ = {isa = PBXFileReference; fileEncoding = 4; lastKnownFileType = sourcecode.c.h; path = AFNetworking.h; sourceTree = "<group>"; };
		D05EDC551EC0086300EBCB54 /* AFNetworkReachabilityManager.h */ = {isa = PBXFileReference; fileEncoding = 4; lastKnownFileType = sourcecode.c.h; path = AFNetworkReachabilityManager.h; sourceTree = "<group>"; };
		D05EDC561EC0086300EBCB54 /* AFNetworkReachabilityManager.m */ = {isa = PBXFileReference; fileEncoding = 4; lastKnownFileType = sourcecode.c.objc; path = AFNetworkReachabilityManager.m; sourceTree = "<group>"; };
		D05EDC571EC0086300EBCB54 /* AFSecurityPolicy.h */ = {isa = PBXFileReference; fileEncoding = 4; lastKnownFileType = sourcecode.c.h; path = AFSecurityPolicy.h; sourceTree = "<group>"; };
		D05EDC581EC0086300EBCB54 /* AFSecurityPolicy.m */ = {isa = PBXFileReference; fileEncoding = 4; lastKnownFileType = sourcecode.c.objc; path = AFSecurityPolicy.m; sourceTree = "<group>"; };
		D05EDC591EC0086300EBCB54 /* AFURLRequestSerialization.h */ = {isa = PBXFileReference; fileEncoding = 4; lastKnownFileType = sourcecode.c.h; path = AFURLRequestSerialization.h; sourceTree = "<group>"; };
		D05EDC5A1EC0086300EBCB54 /* AFURLRequestSerialization.m */ = {isa = PBXFileReference; fileEncoding = 4; lastKnownFileType = sourcecode.c.objc; path = AFURLRequestSerialization.m; sourceTree = "<group>"; };
		D05EDC5B1EC0086300EBCB54 /* AFURLResponseSerialization.h */ = {isa = PBXFileReference; fileEncoding = 4; lastKnownFileType = sourcecode.c.h; path = AFURLResponseSerialization.h; sourceTree = "<group>"; };
		D05EDC5C1EC0086300EBCB54 /* AFURLResponseSerialization.m */ = {isa = PBXFileReference; fileEncoding = 4; lastKnownFileType = sourcecode.c.objc; path = AFURLResponseSerialization.m; sourceTree = "<group>"; };
		D05EDC5D1EC0086300EBCB54 /* AFURLSessionManager.h */ = {isa = PBXFileReference; fileEncoding = 4; lastKnownFileType = sourcecode.c.h; path = AFURLSessionManager.h; sourceTree = "<group>"; };
		D05EDC5E1EC0086300EBCB54 /* AFURLSessionManager.m */ = {isa = PBXFileReference; fileEncoding = 4; lastKnownFileType = sourcecode.c.objc; path = AFURLSessionManager.m; sourceTree = "<group>"; };
		D05EDC601EC0086300EBCB54 /* Reachability.h */ = {isa = PBXFileReference; fileEncoding = 4; lastKnownFileType = sourcecode.c.h; path = Reachability.h; sourceTree = "<group>"; };
		D05EDC611EC0086300EBCB54 /* Reachability.m */ = {isa = PBXFileReference; fileEncoding = 4; lastKnownFileType = sourcecode.c.objc; path = Reachability.m; sourceTree = "<group>"; };
		D05EDC621EC0086300EBCB54 /* ReachabilityManager.h */ = {isa = PBXFileReference; fileEncoding = 4; lastKnownFileType = sourcecode.c.h; path = ReachabilityManager.h; sourceTree = "<group>"; };
		D05EDC631EC0086300EBCB54 /* ReachabilityManager.m */ = {isa = PBXFileReference; fileEncoding = 4; lastKnownFileType = sourcecode.c.objc; path = ReachabilityManager.m; sourceTree = "<group>"; };
		D05EDC6C1EC00BB000EBCB54 /* Bridging-Header.h */ = {isa = PBXFileReference; lastKnownFileType = sourcecode.c.h; path = "Bridging-Header.h"; sourceTree = "<group>"; };
		D05EDC711EC0258000EBCB54 /* Staff.swift */ = {isa = PBXFileReference; fileEncoding = 4; lastKnownFileType = sourcecode.swift; path = Staff.swift; sourceTree = "<group>"; };
		D05EDC8A1EC0360300EBCB54 /* SlideNavigationContorllerAnimator.h */ = {isa = PBXFileReference; fileEncoding = 4; lastKnownFileType = sourcecode.c.h; path = SlideNavigationContorllerAnimator.h; sourceTree = "<group>"; };
		D05EDC8B1EC0360300EBCB54 /* SlideNavigationContorllerAnimatorFade.h */ = {isa = PBXFileReference; fileEncoding = 4; lastKnownFileType = sourcecode.c.h; path = SlideNavigationContorllerAnimatorFade.h; sourceTree = "<group>"; };
		D05EDC8C1EC0360300EBCB54 /* SlideNavigationContorllerAnimatorFade.m */ = {isa = PBXFileReference; fileEncoding = 4; lastKnownFileType = sourcecode.c.objc; path = SlideNavigationContorllerAnimatorFade.m; sourceTree = "<group>"; };
		D05EDC8D1EC0360300EBCB54 /* SlideNavigationContorllerAnimatorScale.h */ = {isa = PBXFileReference; fileEncoding = 4; lastKnownFileType = sourcecode.c.h; path = SlideNavigationContorllerAnimatorScale.h; sourceTree = "<group>"; };
		D05EDC8E1EC0360300EBCB54 /* SlideNavigationContorllerAnimatorScale.m */ = {isa = PBXFileReference; fileEncoding = 4; lastKnownFileType = sourcecode.c.objc; path = SlideNavigationContorllerAnimatorScale.m; sourceTree = "<group>"; };
		D05EDC8F1EC0360300EBCB54 /* SlideNavigationContorllerAnimatorScaleAndFade.h */ = {isa = PBXFileReference; fileEncoding = 4; lastKnownFileType = sourcecode.c.h; path = SlideNavigationContorllerAnimatorScaleAndFade.h; sourceTree = "<group>"; };
		D05EDC901EC0360300EBCB54 /* SlideNavigationContorllerAnimatorScaleAndFade.m */ = {isa = PBXFileReference; fileEncoding = 4; lastKnownFileType = sourcecode.c.objc; path = SlideNavigationContorllerAnimatorScaleAndFade.m; sourceTree = "<group>"; };
		D05EDC911EC0360300EBCB54 /* SlideNavigationContorllerAnimatorSlide.h */ = {isa = PBXFileReference; fileEncoding = 4; lastKnownFileType = sourcecode.c.h; path = SlideNavigationContorllerAnimatorSlide.h; sourceTree = "<group>"; };
		D05EDC921EC0360300EBCB54 /* SlideNavigationContorllerAnimatorSlide.m */ = {isa = PBXFileReference; fileEncoding = 4; lastKnownFileType = sourcecode.c.objc; path = SlideNavigationContorllerAnimatorSlide.m; sourceTree = "<group>"; };
		D05EDC931EC0360300EBCB54 /* SlideNavigationContorllerAnimatorSlideAndFade.h */ = {isa = PBXFileReference; fileEncoding = 4; lastKnownFileType = sourcecode.c.h; path = SlideNavigationContorllerAnimatorSlideAndFade.h; sourceTree = "<group>"; };
		D05EDC941EC0360300EBCB54 /* SlideNavigationContorllerAnimatorSlideAndFade.m */ = {isa = PBXFileReference; fileEncoding = 4; lastKnownFileType = sourcecode.c.objc; path = SlideNavigationContorllerAnimatorSlideAndFade.m; sourceTree = "<group>"; };
		D05EDC951EC0360300EBCB54 /* SlideNavigationController.h */ = {isa = PBXFileReference; fileEncoding = 4; lastKnownFileType = sourcecode.c.h; path = SlideNavigationController.h; sourceTree = "<group>"; };
		D05EDC961EC0360300EBCB54 /* SlideNavigationController.m */ = {isa = PBXFileReference; fileEncoding = 4; lastKnownFileType = sourcecode.c.objc; path = SlideNavigationController.m; sourceTree = "<group>"; };
		D05EDC9F1EC0371900EBCB54 /* MenuViewController.swift */ = {isa = PBXFileReference; fileEncoding = 4; lastKnownFileType = sourcecode.swift; path = MenuViewController.swift; sourceTree = "<group>"; };
		D05EDCA11EC0374A00EBCB54 /* BaseViewController.swift */ = {isa = PBXFileReference; fileEncoding = 4; lastKnownFileType = sourcecode.swift; path = BaseViewController.swift; sourceTree = "<group>"; };
		D05EDCA31EC0385600EBCB54 /* MainViewController.swift */ = {isa = PBXFileReference; fileEncoding = 4; lastKnownFileType = sourcecode.swift; path = MainViewController.swift; sourceTree = "<group>"; };
		D0B1DDB01EBFF9B900217F53 /* DHPunchIn.app */ = {isa = PBXFileReference; explicitFileType = wrapper.application; includeInIndex = 0; path = DHPunchIn.app; sourceTree = BUILT_PRODUCTS_DIR; };
		D0B1DDB31EBFF9B900217F53 /* AppDelegate.swift */ = {isa = PBXFileReference; lastKnownFileType = sourcecode.swift; path = AppDelegate.swift; sourceTree = "<group>"; };
		D0B1DDB81EBFF9B900217F53 /* Base */ = {isa = PBXFileReference; lastKnownFileType = file.storyboard; name = Base; path = Base.lproj/Main.storyboard; sourceTree = "<group>"; };
		D0B1DDBA1EBFF9B900217F53 /* Assets.xcassets */ = {isa = PBXFileReference; lastKnownFileType = folder.assetcatalog; path = Assets.xcassets; sourceTree = "<group>"; };
		D0B1DDBD1EBFF9B900217F53 /* Base */ = {isa = PBXFileReference; lastKnownFileType = file.storyboard; name = Base; path = Base.lproj/LaunchScreen.storyboard; sourceTree = "<group>"; };
		D0B1DDBF1EBFF9B900217F53 /* Info.plist */ = {isa = PBXFileReference; lastKnownFileType = text.plist.xml; path = Info.plist; sourceTree = "<group>"; };
		D0B1DDC41EBFF9B900217F53 /* DHPunchInTests.xctest */ = {isa = PBXFileReference; explicitFileType = wrapper.cfbundle; includeInIndex = 0; path = DHPunchInTests.xctest; sourceTree = BUILT_PRODUCTS_DIR; };
		D0B1DDC81EBFF9BA00217F53 /* DHPunchInTests.swift */ = {isa = PBXFileReference; lastKnownFileType = sourcecode.swift; path = DHPunchInTests.swift; sourceTree = "<group>"; };
		D0B1DDCA1EBFF9BA00217F53 /* Info.plist */ = {isa = PBXFileReference; lastKnownFileType = text.plist.xml; path = Info.plist; sourceTree = "<group>"; };
		D0B1DDCF1EBFF9BA00217F53 /* DHPunchInUITests.xctest */ = {isa = PBXFileReference; explicitFileType = wrapper.cfbundle; includeInIndex = 0; path = DHPunchInUITests.xctest; sourceTree = BUILT_PRODUCTS_DIR; };
		D0B1DDD31EBFF9BA00217F53 /* DHPunchInUITests.swift */ = {isa = PBXFileReference; lastKnownFileType = sourcecode.swift; path = DHPunchInUITests.swift; sourceTree = "<group>"; };
		D0B1DDD51EBFF9BA00217F53 /* Info.plist */ = {isa = PBXFileReference; lastKnownFileType = text.plist.xml; path = Info.plist; sourceTree = "<group>"; };
		D0B7DB1A1EC0A03700183FA1 /* AppManager.swift */ = {isa = PBXFileReference; fileEncoding = 4; lastKnownFileType = sourcecode.swift; path = AppManager.swift; sourceTree = "<group>"; };
		D0B7DB1C1EC0A04200183FA1 /* FeedManager.swift */ = {isa = PBXFileReference; fileEncoding = 4; lastKnownFileType = sourcecode.swift; path = FeedManager.swift; sourceTree = "<group>"; };
		D0B7DB1E1EC0A0FF00183FA1 /* UIManager.swift */ = {isa = PBXFileReference; fileEncoding = 4; lastKnownFileType = sourcecode.swift; path = UIManager.swift; sourceTree = "<group>"; };
/* End PBXFileReference section */

/* Begin PBXFrameworksBuildPhase section */
		D0B1DDAD1EBFF9B900217F53 /* Frameworks */ = {
			isa = PBXFrameworksBuildPhase;
			buildActionMask = 2147483647;
			files = (
			);
			runOnlyForDeploymentPostprocessing = 0;
		};
		D0B1DDC11EBFF9B900217F53 /* Frameworks */ = {
			isa = PBXFrameworksBuildPhase;
			buildActionMask = 2147483647;
			files = (
			);
			runOnlyForDeploymentPostprocessing = 0;
		};
		D0B1DDCC1EBFF9BA00217F53 /* Frameworks */ = {
			isa = PBXFrameworksBuildPhase;
			buildActionMask = 2147483647;
			files = (
			);
			runOnlyForDeploymentPostprocessing = 0;
		};
/* End PBXFrameworksBuildPhase section */

/* Begin PBXGroup section */
		D05EDC4F1EC005C100EBCB54 /* Classes */ = {
			isa = PBXGroup;
			children = (
				D0B7DB191EC0A01A00183FA1 /* Manager */,
				D05EDC701EC0253600EBCB54 /* Model */,
				D05EDC9D1EC0369800EBCB54 /* View */,
				D05EDC9E1EC0369800EBCB54 /* ViewController */,
				D05EDC6C1EC00BB000EBCB54 /* Bridging-Header.h */,
			);
			path = Classes;
			sourceTree = "<group>";
		};
		D05EDC501EC005C100EBCB54 /* Library */ = {
			isa = PBXGroup;
			children = (
				D05EDC881EC0360300EBCB54 /* SlideController */,
				D05EDC511EC0086300EBCB54 /* AFNetworking */,
				D05EDC5F1EC0086300EBCB54 /* Reachability */,
			);
			path = Library;
			sourceTree = "<group>";
		};
		D05EDC511EC0086300EBCB54 /* AFNetworking */ = {
			isa = PBXGroup;
			children = (
				D05EDC521EC0086300EBCB54 /* AFHTTPSessionManager.h */,
				D05EDC531EC0086300EBCB54 /* AFHTTPSessionManager.m */,
				D05EDC541EC0086300EBCB54 /* AFNetworking.h */,
				D05EDC551EC0086300EBCB54 /* AFNetworkReachabilityManager.h */,
				D05EDC561EC0086300EBCB54 /* AFNetworkReachabilityManager.m */,
				D05EDC571EC0086300EBCB54 /* AFSecurityPolicy.h */,
				D05EDC581EC0086300EBCB54 /* AFSecurityPolicy.m */,
				D05EDC591EC0086300EBCB54 /* AFURLRequestSerialization.h */,
				D05EDC5A1EC0086300EBCB54 /* AFURLRequestSerialization.m */,
				D05EDC5B1EC0086300EBCB54 /* AFURLResponseSerialization.h */,
				D05EDC5C1EC0086300EBCB54 /* AFURLResponseSerialization.m */,
				D05EDC5D1EC0086300EBCB54 /* AFURLSessionManager.h */,
				D05EDC5E1EC0086300EBCB54 /* AFURLSessionManager.m */,
			);
			path = AFNetworking;
			sourceTree = "<group>";
		};
		D05EDC5F1EC0086300EBCB54 /* Reachability */ = {
			isa = PBXGroup;
			children = (
				D05EDC601EC0086300EBCB54 /* Reachability.h */,
				D05EDC611EC0086300EBCB54 /* Reachability.m */,
				D05EDC621EC0086300EBCB54 /* ReachabilityManager.h */,
				D05EDC631EC0086300EBCB54 /* ReachabilityManager.m */,
			);
			path = Reachability;
			sourceTree = "<group>";
		};
		D05EDC701EC0253600EBCB54 /* Model */ = {
			isa = PBXGroup;
			children = (
				D05EDC711EC0258000EBCB54 /* Staff.swift */,
			);
			path = Model;
			sourceTree = "<group>";
		};
		D05EDC881EC0360300EBCB54 /* SlideController */ = {
			isa = PBXGroup;
			children = (
				D05EDC891EC0360300EBCB54 /* Animations */,
				D05EDC951EC0360300EBCB54 /* SlideNavigationController.h */,
				D05EDC961EC0360300EBCB54 /* SlideNavigationController.m */,
			);
			path = SlideController;
			sourceTree = "<group>";
		};
		D05EDC891EC0360300EBCB54 /* Animations */ = {
			isa = PBXGroup;
			children = (
				D05EDC8A1EC0360300EBCB54 /* SlideNavigationContorllerAnimator.h */,
				D05EDC8B1EC0360300EBCB54 /* SlideNavigationContorllerAnimatorFade.h */,
				D05EDC8C1EC0360300EBCB54 /* SlideNavigationContorllerAnimatorFade.m */,
				D05EDC8D1EC0360300EBCB54 /* SlideNavigationContorllerAnimatorScale.h */,
				D05EDC8E1EC0360300EBCB54 /* SlideNavigationContorllerAnimatorScale.m */,
				D05EDC8F1EC0360300EBCB54 /* SlideNavigationContorllerAnimatorScaleAndFade.h */,
				D05EDC901EC0360300EBCB54 /* SlideNavigationContorllerAnimatorScaleAndFade.m */,
				D05EDC911EC0360300EBCB54 /* SlideNavigationContorllerAnimatorSlide.h */,
				D05EDC921EC0360300EBCB54 /* SlideNavigationContorllerAnimatorSlide.m */,
				D05EDC931EC0360300EBCB54 /* SlideNavigationContorllerAnimatorSlideAndFade.h */,
				D05EDC941EC0360300EBCB54 /* SlideNavigationContorllerAnimatorSlideAndFade.m */,
			);
			path = Animations;
			sourceTree = "<group>";
		};
		D05EDC9D1EC0369800EBCB54 /* View */ = {
			isa = PBXGroup;
			children = (
			);
			path = View;
			sourceTree = "<group>";
		};
		D05EDC9E1EC0369800EBCB54 /* ViewController */ = {
			isa = PBXGroup;
			children = (
				D05EDCA11EC0374A00EBCB54 /* BaseViewController.swift */,
				D05EDC9F1EC0371900EBCB54 /* MenuViewController.swift */,
				D05EDCA31EC0385600EBCB54 /* MainViewController.swift */,
			);
			path = ViewController;
			sourceTree = "<group>";
		};
		D0B1DDA71EBFF9B900217F53 = {
			isa = PBXGroup;
			children = (
				D0B1DDB21EBFF9B900217F53 /* DHPunchIn */,
				D0B1DDC71EBFF9BA00217F53 /* DHPunchInTests */,
				D0B1DDD21EBFF9BA00217F53 /* DHPunchInUITests */,
				D0B1DDB11EBFF9B900217F53 /* Products */,
			);
			sourceTree = "<group>";
		};
		D0B1DDB11EBFF9B900217F53 /* Products */ = {
			isa = PBXGroup;
			children = (
				D0B1DDB01EBFF9B900217F53 /* DHPunchIn.app */,
				D0B1DDC41EBFF9B900217F53 /* DHPunchInTests.xctest */,
				D0B1DDCF1EBFF9BA00217F53 /* DHPunchInUITests.xctest */,
			);
			name = Products;
			sourceTree = "<group>";
		};
		D0B1DDB21EBFF9B900217F53 /* DHPunchIn */ = {
			isa = PBXGroup;
			children = (
				D05EDC4F1EC005C100EBCB54 /* Classes */,
				D05EDC501EC005C100EBCB54 /* Library */,
				D0B1DDB31EBFF9B900217F53 /* AppDelegate.swift */,
				D0B1DDB71EBFF9B900217F53 /* Main.storyboard */,
				D0B1DDBA1EBFF9B900217F53 /* Assets.xcassets */,
				D0B1DDBC1EBFF9B900217F53 /* LaunchScreen.storyboard */,
				D0B1DDBF1EBFF9B900217F53 /* Info.plist */,
			);
			path = DHPunchIn;
			sourceTree = "<group>";
		};
		D0B1DDC71EBFF9BA00217F53 /* DHPunchInTests */ = {
			isa = PBXGroup;
			children = (
				D0B1DDC81EBFF9BA00217F53 /* DHPunchInTests.swift */,
				D0B1DDCA1EBFF9BA00217F53 /* Info.plist */,
			);
			path = DHPunchInTests;
			sourceTree = "<group>";
		};
		D0B1DDD21EBFF9BA00217F53 /* DHPunchInUITests */ = {
			isa = PBXGroup;
			children = (
				D0B1DDD31EBFF9BA00217F53 /* DHPunchInUITests.swift */,
				D0B1DDD51EBFF9BA00217F53 /* Info.plist */,
			);
			path = DHPunchInUITests;
			sourceTree = "<group>";
		};
		D0B7DB191EC0A01A00183FA1 /* Manager */ = {
			isa = PBXGroup;
			children = (
				D0B7DB1A1EC0A03700183FA1 /* AppManager.swift */,
				D0B7DB1C1EC0A04200183FA1 /* FeedManager.swift */,
				D0B7DB1E1EC0A0FF00183FA1 /* UIManager.swift */,
			);
			path = Manager;
			sourceTree = "<group>";
		};
/* End PBXGroup section */

/* Begin PBXNativeTarget section */
		D0B1DDAF1EBFF9B900217F53 /* DHPunchIn */ = {
			isa = PBXNativeTarget;
			buildConfigurationList = D0B1DDD81EBFF9BA00217F53 /* Build configuration list for PBXNativeTarget "DHPunchIn" */;
			buildPhases = (
				D0B1DDAC1EBFF9B900217F53 /* Sources */,
				D0B1DDAD1EBFF9B900217F53 /* Frameworks */,
				D0B1DDAE1EBFF9B900217F53 /* Resources */,
			);
			buildRules = (
			);
			dependencies = (
			);
			name = DHPunchIn;
			productName = DHPunchIn;
			productReference = D0B1DDB01EBFF9B900217F53 /* DHPunchIn.app */;
			productType = "com.apple.product-type.application";
		};
		D0B1DDC31EBFF9B900217F53 /* DHPunchInTests */ = {
			isa = PBXNativeTarget;
			buildConfigurationList = D0B1DDDB1EBFF9BA00217F53 /* Build configuration list for PBXNativeTarget "DHPunchInTests" */;
			buildPhases = (
				D0B1DDC01EBFF9B900217F53 /* Sources */,
				D0B1DDC11EBFF9B900217F53 /* Frameworks */,
				D0B1DDC21EBFF9B900217F53 /* Resources */,
			);
			buildRules = (
			);
			dependencies = (
				D0B1DDC61EBFF9B900217F53 /* PBXTargetDependency */,
			);
			name = DHPunchInTests;
			productName = DHPunchInTests;
			productReference = D0B1DDC41EBFF9B900217F53 /* DHPunchInTests.xctest */;
			productType = "com.apple.product-type.bundle.unit-test";
		};
		D0B1DDCE1EBFF9BA00217F53 /* DHPunchInUITests */ = {
			isa = PBXNativeTarget;
			buildConfigurationList = D0B1DDDE1EBFF9BA00217F53 /* Build configuration list for PBXNativeTarget "DHPunchInUITests" */;
			buildPhases = (
				D0B1DDCB1EBFF9BA00217F53 /* Sources */,
				D0B1DDCC1EBFF9BA00217F53 /* Frameworks */,
				D0B1DDCD1EBFF9BA00217F53 /* Resources */,
			);
			buildRules = (
			);
			dependencies = (
				D0B1DDD11EBFF9BA00217F53 /* PBXTargetDependency */,
			);
			name = DHPunchInUITests;
			productName = DHPunchInUITests;
			productReference = D0B1DDCF1EBFF9BA00217F53 /* DHPunchInUITests.xctest */;
			productType = "com.apple.product-type.bundle.ui-testing";
		};
/* End PBXNativeTarget section */

/* Begin PBXProject section */
		D0B1DDA81EBFF9B900217F53 /* Project object */ = {
			isa = PBXProject;
			attributes = {
				LastSwiftUpdateCheck = 0830;
				LastUpgradeCheck = 0830;
				ORGANIZATIONNAME = SKL;
				TargetAttributes = {
					D0B1DDAF1EBFF9B900217F53 = {
						CreatedOnToolsVersion = 8.3.2;
						DevelopmentTeam = 796PUW3YDR;
						ProvisioningStyle = Manual;
					};
					D0B1DDC31EBFF9B900217F53 = {
						CreatedOnToolsVersion = 8.3.2;
						DevelopmentTeam = 796PUW3YDR;
						ProvisioningStyle = Automatic;
						TestTargetID = D0B1DDAF1EBFF9B900217F53;
					};
					D0B1DDCE1EBFF9BA00217F53 = {
						CreatedOnToolsVersion = 8.3.2;
						DevelopmentTeam = 796PUW3YDR;
						ProvisioningStyle = Automatic;
						TestTargetID = D0B1DDAF1EBFF9B900217F53;
					};
				};
			};
			buildConfigurationList = D0B1DDAB1EBFF9B900217F53 /* Build configuration list for PBXProject "DHPunchIn" */;
			compatibilityVersion = "Xcode 3.2";
			developmentRegion = English;
			hasScannedForEncodings = 0;
			knownRegions = (
				en,
				Base,
			);
			mainGroup = D0B1DDA71EBFF9B900217F53;
			productRefGroup = D0B1DDB11EBFF9B900217F53 /* Products */;
			projectDirPath = "";
			projectRoot = "";
			targets = (
				D0B1DDAF1EBFF9B900217F53 /* DHPunchIn */,
				D0B1DDC31EBFF9B900217F53 /* DHPunchInTests */,
				D0B1DDCE1EBFF9BA00217F53 /* DHPunchInUITests */,
			);
		};
/* End PBXProject section */

/* Begin PBXResourcesBuildPhase section */
		D0B1DDAE1EBFF9B900217F53 /* Resources */ = {
			isa = PBXResourcesBuildPhase;
			buildActionMask = 2147483647;
			files = (
				D0B1DDBE1EBFF9B900217F53 /* LaunchScreen.storyboard in Resources */,
				D0B1DDBB1EBFF9B900217F53 /* Assets.xcassets in Resources */,
				D0B1DDB91EBFF9B900217F53 /* Main.storyboard in Resources */,
			);
			runOnlyForDeploymentPostprocessing = 0;
		};
		D0B1DDC21EBFF9B900217F53 /* Resources */ = {
			isa = PBXResourcesBuildPhase;
			buildActionMask = 2147483647;
			files = (
			);
			runOnlyForDeploymentPostprocessing = 0;
		};
		D0B1DDCD1EBFF9BA00217F53 /* Resources */ = {
			isa = PBXResourcesBuildPhase;
			buildActionMask = 2147483647;
			files = (
			);
			runOnlyForDeploymentPostprocessing = 0;
		};
/* End PBXResourcesBuildPhase section */

/* Begin PBXSourcesBuildPhase section */
		D0B1DDAC1EBFF9B900217F53 /* Sources */ = {
			isa = PBXSourcesBuildPhase;
			buildActionMask = 2147483647;
			files = (
				D05EDC9C1EC0360300EBCB54 /* SlideNavigationController.m in Sources */,
				D05EDC641EC0086300EBCB54 /* AFHTTPSessionManager.m in Sources */,
				D05EDC691EC0086300EBCB54 /* AFURLSessionManager.m in Sources */,
				D05EDC9A1EC0360300EBCB54 /* SlideNavigationContorllerAnimatorSlide.m in Sources */,
				D05EDCA21EC0374A00EBCB54 /* BaseViewController.swift in Sources */,
				D05EDC721EC0258000EBCB54 /* Staff.swift in Sources */,
				D05EDC661EC0086300EBCB54 /* AFSecurityPolicy.m in Sources */,
				D05EDC671EC0086300EBCB54 /* AFURLRequestSerialization.m in Sources */,
				D05EDC971EC0360300EBCB54 /* SlideNavigationContorllerAnimatorFade.m in Sources */,
				D05EDC651EC0086300EBCB54 /* AFNetworkReachabilityManager.m in Sources */,
				D05EDC6B1EC0086300EBCB54 /* ReachabilityManager.m in Sources */,
				D0B7DB1F1EC0A0FF00183FA1 /* UIManager.swift in Sources */,
				D0B7DB1B1EC0A03700183FA1 /* AppManager.swift in Sources */,
				D05EDC991EC0360300EBCB54 /* SlideNavigationContorllerAnimatorScaleAndFade.m in Sources */,
				D05EDC681EC0086300EBCB54 /* AFURLResponseSerialization.m in Sources */,
				D05EDCA01EC0371900EBCB54 /* MenuViewController.swift in Sources */,
				D05EDC6A1EC0086300EBCB54 /* Reachability.m in Sources */,
				D0B1DDB41EBFF9B900217F53 /* AppDelegate.swift in Sources */,
				D05EDC9B1EC0360300EBCB54 /* SlideNavigationContorllerAnimatorSlideAndFade.m in Sources */,
				D0B7DB1D1EC0A04200183FA1 /* FeedManager.swift in Sources */,
				D05EDC981EC0360300EBCB54 /* SlideNavigationContorllerAnimatorScale.m in Sources */,
				D05EDCA41EC0385600EBCB54 /* MainViewController.swift in Sources */,
			);
			runOnlyForDeploymentPostprocessing = 0;
		};
		D0B1DDC01EBFF9B900217F53 /* Sources */ = {
			isa = PBXSourcesBuildPhase;
			buildActionMask = 2147483647;
			files = (
				D0B1DDC91EBFF9BA00217F53 /* DHPunchInTests.swift in Sources */,
			);
			runOnlyForDeploymentPostprocessing = 0;
		};
		D0B1DDCB1EBFF9BA00217F53 /* Sources */ = {
			isa = PBXSourcesBuildPhase;
			buildActionMask = 2147483647;
			files = (
				D0B1DDD41EBFF9BA00217F53 /* DHPunchInUITests.swift in Sources */,
			);
			runOnlyForDeploymentPostprocessing = 0;
		};
/* End PBXSourcesBuildPhase section */

/* Begin PBXTargetDependency section */
		D0B1DDC61EBFF9B900217F53 /* PBXTargetDependency */ = {
			isa = PBXTargetDependency;
			target = D0B1DDAF1EBFF9B900217F53 /* DHPunchIn */;
			targetProxy = D0B1DDC51EBFF9B900217F53 /* PBXContainerItemProxy */;
		};
		D0B1DDD11EBFF9BA00217F53 /* PBXTargetDependency */ = {
			isa = PBXTargetDependency;
			target = D0B1DDAF1EBFF9B900217F53 /* DHPunchIn */;
			targetProxy = D0B1DDD01EBFF9BA00217F53 /* PBXContainerItemProxy */;
		};
/* End PBXTargetDependency section */

/* Begin PBXVariantGroup section */
		D0B1DDB71EBFF9B900217F53 /* Main.storyboard */ = {
			isa = PBXVariantGroup;
			children = (
				D0B1DDB81EBFF9B900217F53 /* Base */,
			);
			name = Main.storyboard;
			sourceTree = "<group>";
		};
		D0B1DDBC1EBFF9B900217F53 /* LaunchScreen.storyboard */ = {
			isa = PBXVariantGroup;
			children = (
				D0B1DDBD1EBFF9B900217F53 /* Base */,
			);
			name = LaunchScreen.storyboard;
			sourceTree = "<group>";
		};
/* End PBXVariantGroup section */

/* Begin XCBuildConfiguration section */
		D0B1DDD61EBFF9BA00217F53 /* Debug */ = {
			isa = XCBuildConfiguration;
			buildSettings = {
				ALWAYS_SEARCH_USER_PATHS = NO;
				CLANG_ANALYZER_NONNULL = YES;
				CLANG_ANALYZER_NUMBER_OBJECT_CONVERSION = YES_AGGRESSIVE;
				CLANG_CXX_LANGUAGE_STANDARD = "gnu++0x";
				CLANG_CXX_LIBRARY = "libc++";
				CLANG_ENABLE_MODULES = YES;
				CLANG_ENABLE_OBJC_ARC = YES;
				CLANG_WARN_BOOL_CONVERSION = YES;
				CLANG_WARN_CONSTANT_CONVERSION = YES;
				CLANG_WARN_DIRECT_OBJC_ISA_USAGE = YES_ERROR;
				CLANG_WARN_DOCUMENTATION_COMMENTS = YES;
				CLANG_WARN_EMPTY_BODY = YES;
				CLANG_WARN_ENUM_CONVERSION = YES;
				CLANG_WARN_INFINITE_RECURSION = YES;
				CLANG_WARN_INT_CONVERSION = YES;
				CLANG_WARN_OBJC_ROOT_CLASS = YES_ERROR;
				CLANG_WARN_SUSPICIOUS_MOVE = YES;
				CLANG_WARN_UNREACHABLE_CODE = YES;
				CLANG_WARN__DUPLICATE_METHOD_MATCH = YES;
				"CODE_SIGN_IDENTITY[sdk=iphoneos*]" = "iPhone Developer";
				COPY_PHASE_STRIP = NO;
				DEBUG_INFORMATION_FORMAT = dwarf;
				ENABLE_STRICT_OBJC_MSGSEND = YES;
				ENABLE_TESTABILITY = YES;
				GCC_C_LANGUAGE_STANDARD = gnu99;
				GCC_DYNAMIC_NO_PIC = NO;
				GCC_NO_COMMON_BLOCKS = YES;
				GCC_OPTIMIZATION_LEVEL = 0;
				GCC_PREPROCESSOR_DEFINITIONS = (
					"DEBUG=1",
					"$(inherited)",
				);
				GCC_WARN_64_TO_32_BIT_CONVERSION = YES;
				GCC_WARN_ABOUT_RETURN_TYPE = YES_ERROR;
				GCC_WARN_UNDECLARED_SELECTOR = YES;
				GCC_WARN_UNINITIALIZED_AUTOS = YES_AGGRESSIVE;
				GCC_WARN_UNUSED_FUNCTION = YES;
				GCC_WARN_UNUSED_VARIABLE = YES;
				IPHONEOS_DEPLOYMENT_TARGET = 10.3;
				MTL_ENABLE_DEBUG_INFO = YES;
				ONLY_ACTIVE_ARCH = YES;
				SDKROOT = iphoneos;
				SWIFT_ACTIVE_COMPILATION_CONDITIONS = DEBUG;
				SWIFT_OPTIMIZATION_LEVEL = "-Onone";
				TARGETED_DEVICE_FAMILY = "1,2";
			};
			name = Debug;
		};
		D0B1DDD71EBFF9BA00217F53 /* Release */ = {
			isa = XCBuildConfiguration;
			buildSettings = {
				ALWAYS_SEARCH_USER_PATHS = NO;
				CLANG_ANALYZER_NONNULL = YES;
				CLANG_ANALYZER_NUMBER_OBJECT_CONVERSION = YES_AGGRESSIVE;
				CLANG_CXX_LANGUAGE_STANDARD = "gnu++0x";
				CLANG_CXX_LIBRARY = "libc++";
				CLANG_ENABLE_MODULES = YES;
				CLANG_ENABLE_OBJC_ARC = YES;
				CLANG_WARN_BOOL_CONVERSION = YES;
				CLANG_WARN_CONSTANT_CONVERSION = YES;
				CLANG_WARN_DIRECT_OBJC_ISA_USAGE = YES_ERROR;
				CLANG_WARN_DOCUMENTATION_COMMENTS = YES;
				CLANG_WARN_EMPTY_BODY = YES;
				CLANG_WARN_ENUM_CONVERSION = YES;
				CLANG_WARN_INFINITE_RECURSION = YES;
				CLANG_WARN_INT_CONVERSION = YES;
				CLANG_WARN_OBJC_ROOT_CLASS = YES_ERROR;
				CLANG_WARN_SUSPICIOUS_MOVE = YES;
				CLANG_WARN_UNREACHABLE_CODE = YES;
				CLANG_WARN__DUPLICATE_METHOD_MATCH = YES;
				"CODE_SIGN_IDENTITY[sdk=iphoneos*]" = "iPhone Developer";
				COPY_PHASE_STRIP = NO;
				DEBUG_INFORMATION_FORMAT = "dwarf-with-dsym";
				ENABLE_NS_ASSERTIONS = NO;
				ENABLE_STRICT_OBJC_MSGSEND = YES;
				GCC_C_LANGUAGE_STANDARD = gnu99;
				GCC_NO_COMMON_BLOCKS = YES;
				GCC_WARN_64_TO_32_BIT_CONVERSION = YES;
				GCC_WARN_ABOUT_RETURN_TYPE = YES_ERROR;
				GCC_WARN_UNDECLARED_SELECTOR = YES;
				GCC_WARN_UNINITIALIZED_AUTOS = YES_AGGRESSIVE;
				GCC_WARN_UNUSED_FUNCTION = YES;
				GCC_WARN_UNUSED_VARIABLE = YES;
				IPHONEOS_DEPLOYMENT_TARGET = 10.3;
				MTL_ENABLE_DEBUG_INFO = NO;
				SDKROOT = iphoneos;
				SWIFT_OPTIMIZATION_LEVEL = "-Owholemodule";
				TARGETED_DEVICE_FAMILY = "1,2";
				VALIDATE_PRODUCT = YES;
			};
			name = Release;
		};
		D0B1DDD91EBFF9BA00217F53 /* Debug */ = {
			isa = XCBuildConfiguration;
			buildSettings = {
				ASSETCATALOG_COMPILER_APPICON_NAME = AppIcon;
				DEVELOPMENT_TEAM = 796PUW3YDR;
				INFOPLIST_FILE = DHPunchIn/Info.plist;
				LD_RUNPATH_SEARCH_PATHS = "$(inherited) @executable_path/Frameworks";
				PRODUCT_BUNDLE_IDENTIFIER = tw.com.dh.test.DHPunchIn;
				PRODUCT_NAME = "$(TARGET_NAME)";
				PROVISIONING_PROFILE = "a0ae3365-43f0-45f2-89b9-df8736ca5227";
				PROVISIONING_PROFILE_SPECIFIER = iOS_Development;
				SWIFT_OBJC_BRIDGING_HEADER = "DHPunchIn/Classes/Bridging-Header.h";
				SWIFT_VERSION = 3.0;
				TARGETED_DEVICE_FAMILY = 1;
			};
			name = Debug;
		};
		D0B1DDDA1EBFF9BA00217F53 /* Release */ = {
			isa = XCBuildConfiguration;
			buildSettings = {
				ASSETCATALOG_COMPILER_APPICON_NAME = AppIcon;
				DEVELOPMENT_TEAM = 796PUW3YDR;
				INFOPLIST_FILE = DHPunchIn/Info.plist;
				LD_RUNPATH_SEARCH_PATHS = "$(inherited) @executable_path/Frameworks";
				PRODUCT_BUNDLE_IDENTIFIER = tw.com.dh.test.DHPunchIn;
				PRODUCT_NAME = "$(TARGET_NAME)";
				PROVISIONING_PROFILE = "a0ae3365-43f0-45f2-89b9-df8736ca5227";
				PROVISIONING_PROFILE_SPECIFIER = iOS_Development;
				SWIFT_OBJC_BRIDGING_HEADER = "DHPunchIn/Classes/Bridging-Header.h";
				SWIFT_VERSION = 3.0;
				TARGETED_DEVICE_FAMILY = 1;
			};
			name = Release;
		};
		D0B1DDDC1EBFF9BA00217F53 /* Debug */ = {
			isa = XCBuildConfiguration;
			buildSettings = {
				ALWAYS_EMBED_SWIFT_STANDARD_LIBRARIES = YES;
				BUNDLE_LOADER = "$(TEST_HOST)";
				DEVELOPMENT_TEAM = 796PUW3YDR;
				INFOPLIST_FILE = DHPunchInTests/Info.plist;
				LD_RUNPATH_SEARCH_PATHS = "$(inherited) @executable_path/Frameworks @loader_path/Frameworks";
				PRODUCT_BUNDLE_IDENTIFIER = tw.com.dh.test.DHPunchInTests;
				PRODUCT_NAME = "$(TARGET_NAME)";
				SWIFT_VERSION = 3.0;
				TEST_HOST = "$(BUILT_PRODUCTS_DIR)/DHPunchIn.app/DHPunchIn";
			};
			name = Debug;
		};
		D0B1DDDD1EBFF9BA00217F53 /* Release */ = {
			isa = XCBuildConfiguration;
			buildSettings = {
				ALWAYS_EMBED_SWIFT_STANDARD_LIBRARIES = YES;
				BUNDLE_LOADER = "$(TEST_HOST)";
				DEVELOPMENT_TEAM = 796PUW3YDR;
				INFOPLIST_FILE = DHPunchInTests/Info.plist;
				LD_RUNPATH_SEARCH_PATHS = "$(inherited) @executable_path/Frameworks @loader_path/Frameworks";
				PRODUCT_BUNDLE_IDENTIFIER = tw.com.dh.test.DHPunchInTests;
				PRODUCT_NAME = "$(TARGET_NAME)";
				SWIFT_VERSION = 3.0;
				TEST_HOST = "$(BUILT_PRODUCTS_DIR)/DHPunchIn.app/DHPunchIn";
			};
			name = Release;
		};
		D0B1DDDF1EBFF9BA00217F53 /* Debug */ = {
			isa = XCBuildConfiguration;
			buildSettings = {
				ALWAYS_EMBED_SWIFT_STANDARD_LIBRARIES = YES;
				DEVELOPMENT_TEAM = 796PUW3YDR;
				INFOPLIST_FILE = DHPunchInUITests/Info.plist;
				LD_RUNPATH_SEARCH_PATHS = "$(inherited) @executable_path/Frameworks @loader_path/Frameworks";
				PRODUCT_BUNDLE_IDENTIFIER = tw.com.dh.test.DHPunchInUITests;
				PRODUCT_NAME = "$(TARGET_NAME)";
				SWIFT_VERSION = 3.0;
				TEST_TARGET_NAME = DHPunchIn;
			};
			name = Debug;
		};
		D0B1DDE01EBFF9BA00217F53 /* Release */ = {
			isa = XCBuildConfiguration;
			buildSettings = {
				ALWAYS_EMBED_SWIFT_STANDARD_LIBRARIES = YES;
				DEVELOPMENT_TEAM = 796PUW3YDR;
				INFOPLIST_FILE = DHPunchInUITests/Info.plist;
				LD_RUNPATH_SEARCH_PATHS = "$(inherited) @executable_path/Frameworks @loader_path/Frameworks";
				PRODUCT_BUNDLE_IDENTIFIER = tw.com.dh.test.DHPunchInUITests;
				PRODUCT_NAME = "$(TARGET_NAME)";
				SWIFT_VERSION = 3.0;
				TEST_TARGET_NAME = DHPunchIn;
			};
			name = Release;
		};
/* End XCBuildConfiguration section */

/* Begin XCConfigurationList section */
		D0B1DDAB1EBFF9B900217F53 /* Build configuration list for PBXProject "DHPunchIn" */ = {
			isa = XCConfigurationList;
			buildConfigurations = (
				D0B1DDD61EBFF9BA00217F53 /* Debug */,
				D0B1DDD71EBFF9BA00217F53 /* Release */,
			);
			defaultConfigurationIsVisible = 0;
			defaultConfigurationName = Release;
		};
		D0B1DDD81EBFF9BA00217F53 /* Build configuration list for PBXNativeTarget "DHPunchIn" */ = {
			isa = XCConfigurationList;
			buildConfigurations = (
				D0B1DDD91EBFF9BA00217F53 /* Debug */,
				D0B1DDDA1EBFF9BA00217F53 /* Release */,
			);
			defaultConfigurationIsVisible = 0;
			defaultConfigurationName = Release;
		};
		D0B1DDDB1EBFF9BA00217F53 /* Build configuration list for PBXNativeTarget "DHPunchInTests" */ = {
			isa = XCConfigurationList;
			buildConfigurations = (
				D0B1DDDC1EBFF9BA00217F53 /* Debug */,
				D0B1DDDD1EBFF9BA00217F53 /* Release */,
			);
			defaultConfigurationIsVisible = 0;
			defaultConfigurationName = Release;
		};
		D0B1DDDE1EBFF9BA00217F53 /* Build configuration list for PBXNativeTarget "DHPunchInUITests" */ = {
			isa = XCConfigurationList;
			buildConfigurations = (
				D0B1DDDF1EBFF9BA00217F53 /* Debug */,
				D0B1DDE01EBFF9BA00217F53 /* Release */,
			);
			defaultConfigurationIsVisible = 0;
			defaultConfigurationName = Release;
		};
/* End XCConfigurationList section */
	};
	rootObject = D0B1DDA81EBFF9B900217F53 /* Project object */;
}
